
Microsoft Visual Studio Solution File, Format Version 12.00
# Visual Studio 2012
Project("{FAE04EC0-301F-11D3-BF4B-00C04F79EFBC}") = "Hydra", "Hydra.csproj", "{D009F42E-EC32-4A4B-8928-26DA8196272D}"
EndProject
Project("{FAE04EC0-301F-11D3-BF4B-00C04F79EFBC}") = "Urgent.fmPlayer", "..\Urgent.fmPlayer\Urgent.fmPlayer.csproj", "{72AE36E6-5CE9-4131-B0E0-5F7B131C13B4}"
EndProject
Global
	GlobalSection(SolutionConfigurationPlatforms) = preSolution
		Debug|Any CPU = Debug|Any CPU
		Debug|ARM = Debug|ARM
		Debug|x86 = Debug|x86
		Release|Any CPU = Release|Any CPU
		Release|ARM = Release|ARM
		Release|x86 = Release|x86
	EndGlobalSection
	GlobalSection(ProjectConfigurationPlatforms) = postSolution
		{D009F42E-EC32-4A4B-8928-26DA8196272D}.Debug|Any CPU.ActiveCfg = Debug|Any CPU
		{D009F42E-EC32-4A4B-8928-26DA8196272D}.Debug|Any CPU.Build.0 = Debug|Any CPU
		{D009F42E-EC32-4A4B-8928-26DA8196272D}.Debug|Any CPU.Deploy.0 = Debug|Any CPU
		{D009F42E-EC32-4A4B-8928-26DA8196272D}.Debug|ARM.ActiveCfg = Debug|ARM
		{D009F42E-EC32-4A4B-8928-26DA8196272D}.Debug|ARM.Build.0 = Debug|ARM
		{D009F42E-EC32-4A4B-8928-26DA8196272D}.Debug|ARM.Deploy.0 = Debug|ARM
		{D009F42E-EC32-4A4B-8928-26DA8196272D}.Debug|x86.ActiveCfg = Debug|x86
		{D009F42E-EC32-4A4B-8928-26DA8196272D}.Debug|x86.Build.0 = Debug|x86
		{D009F42E-EC32-4A4B-8928-26DA8196272D}.Debug|x86.Deploy.0 = Debug|x86
		{D009F42E-EC32-4A4B-8928-26DA8196272D}.Release|Any CPU.ActiveCfg = Release|Any CPU
		{D009F42E-EC32-4A4B-8928-26DA8196272D}.Release|Any CPU.Build.0 = Release|Any CPU
		{D009F42E-EC32-4A4B-8928-26DA8196272D}.Release|Any CPU.Deploy.0 = Release|Any CPU
		{D009F42E-EC32-4A4B-8928-26DA8196272D}.Release|ARM.ActiveCfg = Release|ARM
		{D009F42E-EC32-4A4B-8928-26DA8196272D}.Release|ARM.Build.0 = Release|ARM
		{D009F42E-EC32-4A4B-8928-26DA8196272D}.Release|ARM.Deploy.0 = Release|ARM
		{D009F42E-EC32-4A4B-8928-26DA8196272D}.Release|x86.ActiveCfg = Release|x86
		{D009F42E-EC32-4A4B-8928-26DA8196272D}.Release|x86.Build.0 = Release|x86
		{D009F42E-EC32-4A4B-8928-26DA8196272D}.Release|x86.Deploy.0 = Release|x86
		{72AE36E6-5CE9-4131-B0E0-5F7B131C13B4}.Debug|Any CPU.ActiveCfg = Debug|Any CPU
		{72AE36E6-5CE9-4131-B0E0-5F7B131C13B4}.Debug|Any CPU.Build.0 = Debug|Any CPU
		{72AE36E6-5CE9-4131-B0E0-5F7B131C13B4}.Debug|ARM.ActiveCfg = Debug|ARM
		{72AE36E6-5CE9-4131-B0E0-5F7B131C13B4}.Debug|ARM.Build.0 = Debug|ARM
		{72AE36E6-5CE9-4131-B0E0-5F7B131C13B4}.Debug|x86.ActiveCfg = Debug|x86
		{72AE36E6-5CE9-4131-B0E0-5F7B131C13B4}.Debug|x86.Build.0 = Debug|x86
		{72AE36E6-5CE9-4131-B0E0-5F7B131C13B4}.Release|Any CPU.ActiveCfg = Release|Any CPU
		{72AE36E6-5CE9-4131-B0E0-5F7B131C13B4}.Release|Any CPU.Build.0 = Release|Any CPU
		{72AE36E6-5CE9-4131-B0E0-5F7B131C13B4}.Release|ARM.ActiveCfg = Release|ARM
		{72AE36E6-5CE9-4131-B0E0-5F7B131C13B4}.Release|ARM.Build.0 = Release|ARM
		{72AE36E6-5CE9-4131-B0E0-5F7B131C13B4}.Release|x86.ActiveCfg = Release|x86
		{72AE36E6-5CE9-4131-B0E0-5F7B131C13B4}.Release|x86.Build.0 = Release|x86
	EndGlobalSection
	GlobalSection(SolutionProperties) = preSolution
		HideSolutionNode = FALSE
	EndGlobalSection
EndGlobal
