
Microsoft Visual Studio Solution File, Format Version 12.00
# Visual Studio 2012
Project("{FAE04EC0-301F-11D3-BF4B-00C04F79EFBC}") = "HydraWP7", "HydraWP7.csproj", "{C299AF8D-7523-4100-A62D-24A69AA6A451}"
EndProject
Project("{FAE04EC0-301F-11D3-BF4B-00C04F79EFBC}") = "Urgent.fm", "Urgent.fm\Urgent.fm.csproj", "{DE3E51E5-CE4E-4BB4-A737-96D02D4D951F}"
EndProject
Global
	GlobalSection(SolutionConfigurationPlatforms) = preSolution
		Debug|Any CPU = Debug|Any CPU
		Debug|ARM = Debug|ARM
		Debug|x86 = Debug|x86
		Release|Any CPU = Release|Any CPU
		Release|ARM = Release|ARM
		Release|x86 = Release|x86
	EndGlobalSection
	GlobalSection(ProjectConfigurationPlatforms) = postSolution
		{C299AF8D-7523-4100-A62D-24A69AA6A451}.Debug|Any CPU.ActiveCfg = Debug|Any CPU
		{C299AF8D-7523-4100-A62D-24A69AA6A451}.Debug|Any CPU.Build.0 = Debug|Any CPU
		{C299AF8D-7523-4100-A62D-24A69AA6A451}.Debug|Any CPU.Deploy.0 = Debug|Any CPU
		{C299AF8D-7523-4100-A62D-24A69AA6A451}.Debug|ARM.ActiveCfg = Debug|Any CPU
		{C299AF8D-7523-4100-A62D-24A69AA6A451}.Debug|x86.ActiveCfg = Debug|Any CPU
		{C299AF8D-7523-4100-A62D-24A69AA6A451}.Release|Any CPU.ActiveCfg = Release|Any CPU
		{C299AF8D-7523-4100-A62D-24A69AA6A451}.Release|Any CPU.Build.0 = Release|Any CPU
		{C299AF8D-7523-4100-A62D-24A69AA6A451}.Release|Any CPU.Deploy.0 = Release|Any CPU
		{C299AF8D-7523-4100-A62D-24A69AA6A451}.Release|ARM.ActiveCfg = Release|Any CPU
		{C299AF8D-7523-4100-A62D-24A69AA6A451}.Release|x86.ActiveCfg = Release|Any CPU
		{DE3E51E5-CE4E-4BB4-A737-96D02D4D951F}.Debug|Any CPU.ActiveCfg = Debug|Any CPU
		{DE3E51E5-CE4E-4BB4-A737-96D02D4D951F}.Debug|Any CPU.Build.0 = Debug|Any CPU
		{DE3E51E5-CE4E-4BB4-A737-96D02D4D951F}.Debug|ARM.ActiveCfg = Debug|Any CPU
		{DE3E51E5-CE4E-4BB4-A737-96D02D4D951F}.Debug|x86.ActiveCfg = Debug|Any CPU
		{DE3E51E5-CE4E-4BB4-A737-96D02D4D951F}.Release|Any CPU.ActiveCfg = Release|Any CPU
		{DE3E51E5-CE4E-4BB4-A737-96D02D4D951F}.Release|Any CPU.Build.0 = Release|Any CPU
		{DE3E51E5-CE4E-4BB4-A737-96D02D4D951F}.Release|ARM.ActiveCfg = Release|Any CPU
		{DE3E51E5-CE4E-4BB4-A737-96D02D4D951F}.Release|x86.ActiveCfg = Release|Any CPU
	EndGlobalSection
	GlobalSection(SolutionProperties) = preSolution
		HideSolutionNode = FALSE
	EndGlobalSection
EndGlobal
