
PODS:
- Facebook-iOS-SDK (3.1.1)
- FileMD5Hash (0.0.1)
- GoogleAnalytics-iOS-SDK (2.0beta4)
- ISO8601DateFormatter (0.6)
- JSONKit (1.5pre)
- LibComponentLogging-Core (1.3.1)
- LibComponentLogging-NSLog (1.0.4):
  - LibComponentLogging-Core (>= 1.1.6)
- NSData+Base64 (1.0.0)
- Reachability (3.1.0)
- RestKit/JSON (0.10.1):
  - RestKit/Network
  - RestKit/ObjectMapping/CoreData
  - RestKit/ObjectMapping/JSON
  - RestKit/UI
- RestKit/Network (0.10.1):
  - FileMD5Hash
  - LibComponentLogging-NSLog (>= 1.0.4)
  - SOCKit
  - cocoa-oauth
- RestKit/ObjectMapping/CoreData (0.10.1):
  - ISO8601DateFormatter (>= 0.6)
  - RestKit/Network
- RestKit/ObjectMapping/JSON (0.10.1):
  - ISO8601DateFormatter (>= 0.6)
  - JSONKit (>= 1.5pre)
  - RestKit/Network
- RestKit/ObjectMapping/XML (0.10.1):
  - ISO8601DateFormatter (>= 0.6)
  - RestKit/Network
- RestKit/UI (0.10.1)
- RestKit/XML (0.10.1):
  - RestKit/Network
  - RestKit/ObjectMapping/CoreData
  - RestKit/ObjectMapping/XML
  - RestKit/UI
- SOCKit (1.1)
- SSKeychain (0.1.4)
- ShareKit/Facebook (2.0):
  - Facebook-iOS-SDK (~> 3.1)
  - Reachability
  - SSKeychain
- ShareKit/Twitter (2.0):
  - JSONKit
  - Reachability
  - SSKeychain
- TUSafariActivity (0.0.1)
- TestFlightSDK (1.2)
- cocoa-oauth (0.0.1):
  - NSData+Base64 (~> 1.0)

DEPENDENCIES:
- Facebook-iOS-SDK (~> 3.1)
- GoogleAnalytics-iOS-SDK (~> 2.0beta4)
- RestKit/JSON (from `https://github.com/Javache/RestKit.git')
- RestKit/XML (from `https://github.com/Javache/RestKit.git')
- ShareKit/Facebook (from `External/ShareKit.podspec')
- ShareKit/Twitter (from `External/ShareKit.podspec')
- TUSafariActivity (from `External/TUSafariActivity.podspec')
- TestFlightSDK (~> 1.2)

EXTERNAL SOURCES:
  RestKit/JSON:
    :git: https://github.com/Javache/RestKit.git
  RestKit/XML:
    :git: https://github.com/Javache/RestKit.git
  ShareKit/Facebook:
    :podspec: External/ShareKit.podspec
  ShareKit/Twitter:
    :podspec: External/ShareKit.podspec
  TUSafariActivity:
    :podspec: External/TUSafariActivity.podspec

SPEC CHECKSUMS:
  Facebook-iOS-SDK: 5fc068ebfd8c8c9b0fad476bc36dbbf1fffeebc8
  FileMD5Hash: c3b015e6fb293eea0a0c276747f61f20408c2644
  GoogleAnalytics-iOS-SDK: 1c699283af9e57051bdbff753c53ea787b1371aa
  ISO8601DateFormatter: dc05a2481edf49668d85d3ff8c466c32eb544780
  JSONKit: 3d4708953ea7ae399a49777372d8b060a43ddd27
  LibComponentLogging-Core: 344f6045453ca28fa8f2909eb9624ec9d15ef256
  LibComponentLogging-NSLog: a4bb0f6de612eef7b5fcdbd9cc96dc868ba1f2df
  NSData+Base64: 8b910cb8a64f45daec6fb15936c36a9a911c57ca
  Reachability: 1c8584c5f26fa776695efef95caaa50402c94cfb
  RestKit/JSON: 43c924173fb1d99a670ce43903dcc793048d7fa3
  RestKit/Network: 43c924173fb1d99a670ce43903dcc793048d7fa3
  RestKit/ObjectMapping/CoreData: 43c924173fb1d99a670ce43903dcc793048d7fa3
  RestKit/ObjectMapping/JSON: 43c924173fb1d99a670ce43903dcc793048d7fa3
  RestKit/ObjectMapping/XML: 43c924173fb1d99a670ce43903dcc793048d7fa3
  RestKit/UI: 43c924173fb1d99a670ce43903dcc793048d7fa3
  RestKit/XML: 43c924173fb1d99a670ce43903dcc793048d7fa3
  SOCKit: 179515c1a621dd5652a60e9be02ea4adcd25bc9b
  SSKeychain: bae692a4354f48691ca3463a121dc8060f781a7d
  ShareKit/Facebook: ed286a7795a11346fe27d2ea3b550dbfcd7841bf
  ShareKit/Twitter: ed286a7795a11346fe27d2ea3b550dbfcd7841bf
  TUSafariActivity: a20b9144e7bcafbc4a774ea448739299764e129b
  TestFlightSDK: 29e194fb148e4861f92e4c1195b9697e1f3ad19a
  cocoa-oauth: 8f4c8b77c77ac660de37f8125557c4ec09b0118a

COCOAPODS: 0.16.1
