PODS:
  - AFNetworking (1.3.4)
  - Bolts (1.1.3)
  - Facebook-iOS-SDK (3.23.0):
    - Bolts (~> 1.0)
  - GoogleAnalytics-iOS-SDK (3.10):
    - GoogleAnalytics-iOS-SDK/Core
  - GoogleAnalytics-iOS-SDK/Core (3.10)
  - PKMultipartInputStream (1.1.0)
  - Reachability (3.1.1)
  - RestKit (0.20.3):
    - RestKit/Core
  - RestKit/Core (0.20.3):
    - RestKit/CoreData
    - RestKit/Network
    - RestKit/ObjectMapping
  - RestKit/CoreData (0.20.3)
  - RestKit/Network (0.20.3):
    - AFNetworking (~> 1.3.0)
    - RestKit/ObjectMapping
    - RestKit/Support
    - SOCKit
  - RestKit/ObjectMapping (0.20.3)
  - RestKit/Support (0.20.3):
    - TransitionKit (= 1.1.1)
  - RKXMLReaderSerialization (0.1.0):
    - RestKit (>= 0.20.0dev)
    - XMLReader (>= 0.0.2)
  - RMPickerViewController (1.3.3)
  - SAMTextView (0.2.2)
  - SDWebImage (3.7.1):
    - SDWebImage/Core
  - SDWebImage/Core (3.7.1)
  - ShareKit/Core (2.5.9):
    - SAMTextView (~> 0.2.1)
    - SDWebImage
    - ShareKit/NoARC
    - ShareKit/Reachability
    - SSKeychain (~> 1.2.2)
    - UIActivityIndicator-for-SDWebImage
  - ShareKit/Facebook (2.5.9):
    - Facebook-iOS-SDK
    - ShareKit/Core
  - ShareKit/NoARC (2.5.9):
    - PKMultipartInputStream
    - ShareKit/Core
  - ShareKit/Reachability (2.5.9)
  - ShareKit/Twitter (2.5.9):
    - ShareKit/Core
  - SMPageControl (1.2)
  - SOCKit (1.1)
  - SSKeychain (1.2.2)
  - SVProgressHUD (0.9)
  - TransitionKit (1.1.1)
  - TUSafariActivity (0.0.1)
  - UIActivityIndicator-for-SDWebImage (1.2):
    - SDWebImage (~> 3.7)
  - VTAcknowledgementsViewController (0.12)
  - XMLReader (0.0.2)

DEPENDENCIES:
  - Facebook-iOS-SDK (~> 3.7)
  - GoogleAnalytics-iOS-SDK (~> 3.0)
  - Reachability (~> 3.1.1)
  - RestKit (~> 0.20.0)
  - RKXMLReaderSerialization (from `External/RKXMLReaderSerialization.podspec`)
  - RMPickerViewController (~> 1.3.3)
  - SDWebImage (~> 3.4)
  - ShareKit/Facebook (~> 2.3)
  - ShareKit/Twitter (~> 2.3)
  - SMPageControl (~> 1.1)
  - SVProgressHUD (~> 0.9)
  - TUSafariActivity (from `External/TUSafariActivity.podspec`)
  - VTAcknowledgementsViewController (~> 0.6)

EXTERNAL SOURCES:
  RKXMLReaderSerialization:
    :podspec: External/RKXMLReaderSerialization.podspec
  TUSafariActivity:
    :podspec: External/TUSafariActivity.podspec

SPEC CHECKSUMS:
  AFNetworking: 80c4e0652b08eb34e25b9c0ff3c82556fe5967b4
  Bolts: 3db0a875235e0c9042b013af13af0f00f79b102c
  Facebook-iOS-SDK: 3d65f685348b789e46a9aacf92bfa85b60b63755
  GoogleAnalytics-iOS-SDK: f422062075d9ccb1ea8d783fc5ba3829461e9502
  PKMultipartInputStream: 9e18cd438cbfb8900ccb4d26b3f848768cd92e10
  Reachability: 8e9635e3cb4f98e7f825e51147f677ecc694d0e7
  RestKit: 7f9490e709ee745e166c4d2aa7a8d132831275b0
  RKXMLReaderSerialization: 340ce8c21cf74fd10bd63c8401b13eed53722103
  RMPickerViewController: 0f26f3e53d326ce86fe0337cc84366fae0e8c78c
  SAMTextView: c37f114b5bbf3260d804453aa9614b721714646e
  SDWebImage: 116e88633b5b416ea0ca4b334a4ac59cf72dd38d
  ShareKit: 6a90d88043bb2348000247ece3983021496084ea
  SMPageControl: 506b0c561d3ddbe2d5df28cb33acc8e4b1f93f19
  SOCKit: d8d0dd3688ae1026c12367570da8fa8e1a6980fb
  SSKeychain: cc48bd3ad24fcd9125adb9e0d23dd50b8bbd08b9
  SVProgressHUD: adf9def97327df88dee15e9ad8033fde6961f7b4
  TransitionKit: b573f93c422f6aedf7d40e93e7c2f202d1295063
  TUSafariActivity: a20b9144e7bcafbc4a774ea448739299764e129b
  UIActivityIndicator-for-SDWebImage: 8bd92c15280fbe54816448c6b14674145eee05c7
  VTAcknowledgementsViewController: 5cdab8f3d003680b8fbdfcce90fcab92cee962a6
  XMLReader: 2264fd2f8167343285a9943929c3b7e4b74626c0

COCOAPODS: 0.34.0
