// !$*UTF8*$!
{
	archiveVersion = 1;
	classes = {
	};
	objectVersion = 46;
	objects = {

/* Begin PBXBuildFile section */
		395C117A16272D8000B99F9B /* NewsViewController.m in Sources */ = {isa = PBXBuildFile; fileRef = 395C117916272D8000B99F9B /* NewsViewController.m */; };
		395C117D1627437000B99F9B /* NewsItemViewController.m in Sources */ = {isa = PBXBuildFile; fileRef = 395C117C1627437000B99F9B /* NewsItemViewController.m */; };
		3B0D77EC15BB0945002B23C1 /* BadgedButton.m in Sources */ = {isa = PBXBuildFile; fileRef = 3BAFFE7D15BB04B600921E7D /* BadgedButton.m */; };
		3B436DF815B8915300984D3F /* InfoViewController.m in Sources */ = {isa = PBXBuildFile; fileRef = 3B436DF715B8915200984D3F /* InfoViewController.m */; };
		3B7AD3B915BC830F0026BB62 /* RestoMenuView.m in Sources */ = {isa = PBXBuildFile; fileRef = 3B7AD3B815BC830F0026BB62 /* RestoMenuView.m */; };
		3B93FB9F1630939200C962DC /* AudioToolbox.framework in Frameworks */ = {isa = PBXBuildFile; fileRef = 3B93FB9E1630939200C962DC /* AudioToolbox.framework */; };
		3B93FBA4163094A800C962DC /* AudioStreamer.m in Sources */ = {isa = PBXBuildFile; fileRef = 3B93FBA3163094A800C962DC /* AudioStreamer.m */; };
		3B93FBA7163095F900C962DC /* AudioToolbox.framework in Frameworks */ = {isa = PBXBuildFile; fileRef = 3B93FB9E1630939200C962DC /* AudioToolbox.framework */; };
		3B93FBAA1630969900C962DC /* UrgentPlayer.m in Sources */ = {isa = PBXBuildFile; fileRef = 3B93FBA91630969900C962DC /* UrgentPlayer.m */; };
		446378FC162DA12D008D47F2 /* EventKit.framework in Frameworks */ = {isa = PBXBuildFile; fileRef = 446378FB162DA12D008D47F2 /* EventKit.framework */; settings = {ATTRIBUTES = (Required, ); }; };
		44A29C58162DA88E001A573C /* EventKitUI.framework in Frameworks */ = {isa = PBXBuildFile; fileRef = 44A29C57162DA88E001A573C /* EventKitUI.framework */; };
		90BAB266162749BD0043BA92 /* SchamperDetailViewController.m in Sources */ = {isa = PBXBuildFile; fileRef = 90BAB265162749BC0043BA92 /* SchamperDetailViewController.m */; };
		F5016BA6162756F300BBDB0A /* ActivityViewController.m in Sources */ = {isa = PBXBuildFile; fileRef = F5016BA5162756F300BBDB0A /* ActivityViewController.m */; };
		F5016BA91627665800BBDB0A /* ActivityDetailViewController.m in Sources */ = {isa = PBXBuildFile; fileRef = F5016BA81627665800BBDB0A /* ActivityDetailViewController.m */; };
		F50527CE15BDC1E600A697F8 /* info-kalender.html in Resources */ = {isa = PBXBuildFile; fileRef = F50527CD15BDC1E600A697F8 /* info-kalender.html */; };
		F50527D015BDC5F600A697F8 /* info-studentenartsen.html in Resources */ = {isa = PBXBuildFile; fileRef = F50527CF15BDC5F600A697F8 /* info-studentenartsen.html */; };
		F50EE09715B5F587000F1992 /* WebViewController.m in Sources */ = {isa = PBXBuildFile; fileRef = F50EE09515B5F587000F1992 /* WebViewController.m */; };
		F5329E0215B9858900C4C5DF /* resto-closed.jpg in Resources */ = {isa = PBXBuildFile; fileRef = F5329E0015B9858900C4C5DF /* resto-closed.jpg */; };
		F5329E0315B9858900C4C5DF /* resto-closed@2x.jpg in Resources */ = {isa = PBXBuildFile; fileRef = F5329E0115B9858900C4C5DF /* resto-closed@2x.jpg */; };
		F53D248A159DB50800F408AB /* header-bg.png in Resources */ = {isa = PBXBuildFile; fileRef = F53D2489159DB50800F408AB /* header-bg.png */; };
		F53D248C159DB51A00F408AB /* hydra.png in Resources */ = {isa = PBXBuildFile; fileRef = F53D248B159DB51A00F408AB /* hydra.png */; };
		F54B160215B7FFE6000A4407 /* resto-logo.png in Resources */ = {isa = PBXBuildFile; fileRef = F54B160015B7FFE6000A4407 /* resto-logo.png */; };
		F54B160315B7FFE6000A4407 /* resto-logo@2x.png in Resources */ = {isa = PBXBuildFile; fileRef = F54B160115B7FFE6000A4407 /* resto-logo@2x.png */; };
		F54B160715B8118C000A4407 /* UIColor+AppColors.m in Sources */ = {isa = PBXBuildFile; fileRef = F54B160615B8118C000A4407 /* UIColor+AppColors.m */; };
		F55895C415B60F450001B399 /* RestoMenu.m in Sources */ = {isa = PBXBuildFile; fileRef = F55895C315B60F450001B399 /* RestoMenu.m */; };
		F55895C715B610140001B399 /* RestoStore.m in Sources */ = {isa = PBXBuildFile; fileRef = F55895C615B610130001B399 /* RestoStore.m */; };
		F57CB9DA15B84C4B00D87CB3 /* NSDate+Utilities.m in Sources */ = {isa = PBXBuildFile; fileRef = F57CB9D915B84C4B00D87CB3 /* NSDate+Utilities.m */; };
		F57E7E0E15B837F100D2A59E /* icon-meal.png in Resources */ = {isa = PBXBuildFile; fileRef = F57E7E0B15B837F000D2A59E /* icon-meal.png */; };
		F57E7E0F15B837F100D2A59E /* icon-soup.png in Resources */ = {isa = PBXBuildFile; fileRef = F57E7E0C15B837F000D2A59E /* icon-soup.png */; };
		F57E7E1015B837F100D2A59E /* icon-vegetables.png in Resources */ = {isa = PBXBuildFile; fileRef = F57E7E0D15B837F000D2A59E /* icon-vegetables.png */; };
		F58408B7159DDA0E00EE7010 /* button-activities-active.png in Resources */ = {isa = PBXBuildFile; fileRef = F58408AB159DDA0E00EE7010 /* button-activities-active.png */; };
		F58408B8159DDA0E00EE7010 /* button-activities.png in Resources */ = {isa = PBXBuildFile; fileRef = F58408AC159DDA0E00EE7010 /* button-activities.png */; };
		F58408B9159DDA0E00EE7010 /* button-gsr-active.png in Resources */ = {isa = PBXBuildFile; fileRef = F58408AD159DDA0E00EE7010 /* button-gsr-active.png */; };
		F58408BA159DDA0E00EE7010 /* button-gsr.png in Resources */ = {isa = PBXBuildFile; fileRef = F58408AE159DDA0E00EE7010 /* button-gsr.png */; };
		F58408BB159DDA0E00EE7010 /* button-info-active.png in Resources */ = {isa = PBXBuildFile; fileRef = F58408AF159DDA0E00EE7010 /* button-info-active.png */; };
		F58408BC159DDA0E00EE7010 /* button-info.png in Resources */ = {isa = PBXBuildFile; fileRef = F58408B0159DDA0E00EE7010 /* button-info.png */; };
		F58408BD159DDA0E00EE7010 /* button-news-active.png in Resources */ = {isa = PBXBuildFile; fileRef = F58408B1159DDA0E00EE7010 /* button-news-active.png */; };
		F58408BE159DDA0E00EE7010 /* button-news.png in Resources */ = {isa = PBXBuildFile; fileRef = F58408B2159DDA0E00EE7010 /* button-news.png */; };
		F58408BF159DDA0E00EE7010 /* button-resto-active.png in Resources */ = {isa = PBXBuildFile; fileRef = F58408B3159DDA0E00EE7010 /* button-resto-active.png */; };
		F58408C0159DDA0E00EE7010 /* button-resto.png in Resources */ = {isa = PBXBuildFile; fileRef = F58408B4159DDA0E00EE7010 /* button-resto.png */; };
		F58408C1159DDA0E00EE7010 /* button-schamper-active.png in Resources */ = {isa = PBXBuildFile; fileRef = F58408B5159DDA0E00EE7010 /* button-schamper-active.png */; };
		F58408C2159DDA0E00EE7010 /* button-schamper.png in Resources */ = {isa = PBXBuildFile; fileRef = F58408B6159DDA0E00EE7010 /* button-schamper.png */; };
		F59D16F415BD693F00B6F892 /* info-academiccalendar.png in Resources */ = {isa = PBXBuildFile; fileRef = F59D16E415BD693F00B6F892 /* info-academiccalendar.png */; };
		F59D16F515BD693F00B6F892 /* info-academiccalendar@2x.png in Resources */ = {isa = PBXBuildFile; fileRef = F59D16E515BD693F00B6F892 /* info-academiccalendar@2x.png */; };
		F59D16F615BD693F00B6F892 /* info-bicycle.png in Resources */ = {isa = PBXBuildFile; fileRef = F59D16E615BD693F00B6F892 /* info-bicycle.png */; };
		F59D16F715BD693F00B6F892 /* info-bicycle@2x.png in Resources */ = {isa = PBXBuildFile; fileRef = F59D16E715BD693F00B6F892 /* info-bicycle@2x.png */; };
		F59D16F815BD693F00B6F892 /* info-durfdoen.png in Resources */ = {isa = PBXBuildFile; fileRef = F59D16E815BD693F00B6F892 /* info-durfdoen.png */; };
		F59D16F915BD693F00B6F892 /* info-durfdoen@2x.png in Resources */ = {isa = PBXBuildFile; fileRef = F59D16E915BD693F00B6F892 /* info-durfdoen@2x.png */; };
		F59D16FA15BD693F00B6F892 /* info-library.png in Resources */ = {isa = PBXBuildFile; fileRef = F59D16EA15BD693F00B6F892 /* info-library.png */; };
		F59D16FB15BD693F00B6F892 /* info-library@2x.png in Resources */ = {isa = PBXBuildFile; fileRef = F59D16EB15BD693F00B6F892 /* info-library@2x.png */; };
		F59D16FC15BD693F00B6F892 /* info-more.png in Resources */ = {isa = PBXBuildFile; fileRef = F59D16EC15BD693F00B6F892 /* info-more.png */; };
		F59D16FD15BD693F00B6F892 /* info-more@2x.png in Resources */ = {isa = PBXBuildFile; fileRef = F59D16ED15BD693F00B6F892 /* info-more@2x.png */; };
		F59D16FE15BD693F00B6F892 /* info-sports.png in Resources */ = {isa = PBXBuildFile; fileRef = F59D16EE15BD693F00B6F892 /* info-sports.png */; };
		F59D16FF15BD693F00B6F892 /* info-sports@2x.png in Resources */ = {isa = PBXBuildFile; fileRef = F59D16EF15BD693F00B6F892 /* info-sports@2x.png */; };
		F59D170015BD693F00B6F892 /* info-studentdoctors.png in Resources */ = {isa = PBXBuildFile; fileRef = F59D16F015BD693F00B6F892 /* info-studentdoctors.png */; };
		F59D170115BD693F00B6F892 /* info-studentdoctors@2x.png in Resources */ = {isa = PBXBuildFile; fileRef = F59D16F115BD693F00B6F892 /* info-studentdoctors@2x.png */; };
		F59D170215BD693F00B6F892 /* info-urgent.png in Resources */ = {isa = PBXBuildFile; fileRef = F59D16F215BD693F00B6F892 /* info-urgent.png */; };
		F59D170315BD693F00B6F892 /* info-urgent@2x.png in Resources */ = {isa = PBXBuildFile; fileRef = F59D16F315BD693F00B6F892 /* info-urgent@2x.png */; };
		F59D170915BD7CE500B6F892 /* info-content.plist in Resources */ = {isa = PBXBuildFile; fileRef = F59D170715BD7CE500B6F892 /* info-content.plist */; };
		F59D170A15BD7CE500B6F892 /* info-sport-openingsuren.html in Resources */ = {isa = PBXBuildFile; fileRef = F59D170815BD7CE500B6F892 /* info-sport-openingsuren.html */; };
		F59D170B15BD7E7E00B6F892 /* DashboardViewController.xib in Resources */ = {isa = PBXBuildFile; fileRef = F5EBF10F159DFD3B00EB5D26 /* DashboardViewController.xib */; };
		F59D170C15BD7E7E00B6F892 /* RestoViewController.xib in Resources */ = {isa = PBXBuildFile; fileRef = F5D36BD215B5CB9C00B6E017 /* RestoViewController.xib */; };
		F59D170E15BD811000B6F892 /* info-sport-aanbod.html in Resources */ = {isa = PBXBuildFile; fileRef = F59D170D15BD811000B6F892 /* info-sport-aanbod.html */; };
		F59D171015BD813E00B6F892 /* webview.css in Resources */ = {isa = PBXBuildFile; fileRef = F59D170F15BD813E00B6F892 /* webview.css */; };
		F5A81CBE15CF1BA700FE033B /* external-link.png in Resources */ = {isa = PBXBuildFile; fileRef = F5A81CBD15CF1BA700FE033B /* external-link.png */; };
		F5A81CC215CF1CC500FE033B /* external-link-active.png in Resources */ = {isa = PBXBuildFile; fileRef = F5A81CBF15CF1CC500FE033B /* external-link-active.png */; };
		F5A81CC315CF1CC500FE033B /* external-link-active@2x.png in Resources */ = {isa = PBXBuildFile; fileRef = F5A81CC015CF1CC500FE033B /* external-link-active@2x.png */; };
		F5A81CC415CF1CC500FE033B /* external-link@2x.png in Resources */ = {isa = PBXBuildFile; fileRef = F5A81CC115CF1CC500FE033B /* external-link@2x.png */; };
		F5BAEC8B1518868200F6A1B1 /* UIKit.framework in Frameworks */ = {isa = PBXBuildFile; fileRef = F5BAEC8A1518868200F6A1B1 /* UIKit.framework */; };
		F5BAEC8D1518868200F6A1B1 /* Foundation.framework in Frameworks */ = {isa = PBXBuildFile; fileRef = F5BAEC8C1518868200F6A1B1 /* Foundation.framework */; };
		F5BAEC8F1518868200F6A1B1 /* CoreGraphics.framework in Frameworks */ = {isa = PBXBuildFile; fileRef = F5BAEC8E1518868200F6A1B1 /* CoreGraphics.framework */; };
		F5BAEC971518868200F6A1B1 /* main.m in Sources */ = {isa = PBXBuildFile; fileRef = F5BAEC961518868200F6A1B1 /* main.m */; };
		F5BAEC9B1518868200F6A1B1 /* AppDelegate.m in Sources */ = {isa = PBXBuildFile; fileRef = F5BAEC9A1518868200F6A1B1 /* AppDelegate.m */; };
		F5BAECA41518868200F6A1B1 /* DashboardViewController.m in Sources */ = {isa = PBXBuildFile; fileRef = F5BAECA31518868200F6A1B1 /* DashboardViewController.m */; };
		F5BAECAF1518868200F6A1B1 /* SenTestingKit.framework in Frameworks */ = {isa = PBXBuildFile; fileRef = F5BAECAE1518868200F6A1B1 /* SenTestingKit.framework */; };
		F5BAECB01518868200F6A1B1 /* UIKit.framework in Frameworks */ = {isa = PBXBuildFile; fileRef = F5BAEC8A1518868200F6A1B1 /* UIKit.framework */; };
		F5BAECB11518868200F6A1B1 /* Foundation.framework in Frameworks */ = {isa = PBXBuildFile; fileRef = F5BAEC8C1518868200F6A1B1 /* Foundation.framework */; };
		F5BAECBC1518868200F6A1B1 /* HydraTests.m in Sources */ = {isa = PBXBuildFile; fileRef = F5BAECBB1518868200F6A1B1 /* HydraTests.m */; };
		F5BC3D88162EB8E900E4A902 /* libz.dylib in Frameworks */ = {isa = PBXBuildFile; fileRef = F5BC3D87162EB8E900E4A902 /* libz.dylib */; };
		F5BC3D8B162EB91F00E4A902 /* libTestFlight.a in Frameworks */ = {isa = PBXBuildFile; fileRef = F5BC3D89162EB91F00E4A902 /* libTestFlight.a */; };
		F5BC3D8E162EBB5100E4A902 /* Default-568h@2x.png in Resources */ = {isa = PBXBuildFile; fileRef = F5BC3D8D162EBB5100E4A902 /* Default-568h@2x.png */; };
		F5CFAA3D15BD9B87008E75B0 /* info-fietsen.html in Resources */ = {isa = PBXBuildFile; fileRef = F5CFAA3C15BD9B87008E75B0 /* info-fietsen.html */; };
		F5D2B6B215EFE0DE003EA54C /* button-gsr-active@2x.png in Resources */ = {isa = PBXBuildFile; fileRef = F5D2B6B015EFE0DE003EA54C /* button-gsr-active@2x.png */; };
		F5D2B6B315EFE0DE003EA54C /* button-gsr@2x.png in Resources */ = {isa = PBXBuildFile; fileRef = F5D2B6B115EFE0DE003EA54C /* button-gsr@2x.png */; };
		F5D2B6B515EFE2DE003EA54C /* button-news@2x.png in Resources */ = {isa = PBXBuildFile; fileRef = F5D2B6B415EFE2DE003EA54C /* button-news@2x.png */; };
		F5D2B6B715EFEAAF003EA54C /* button-news-active@2x.png in Resources */ = {isa = PBXBuildFile; fileRef = F5D2B6B615EFEAAF003EA54C /* button-news-active@2x.png */; };
		F5D36BB715B5BD2A00B6E017 /* Default.png in Resources */ = {isa = PBXBuildFile; fileRef = F5D36BB315B5BD2A00B6E017 /* Default.png */; };
		F5D36BB815B5BD2A00B6E017 /* Default@2x.png in Resources */ = {isa = PBXBuildFile; fileRef = F5D36BB415B5BD2A00B6E017 /* Default@2x.png */; };
		F5D36BB915B5BD2A00B6E017 /* Icon.png in Resources */ = {isa = PBXBuildFile; fileRef = F5D36BB515B5BD2A00B6E017 /* Icon.png */; };
		F5D36BBA15B5BD2A00B6E017 /* Icon@2x.png in Resources */ = {isa = PBXBuildFile; fileRef = F5D36BB615B5BD2A00B6E017 /* Icon@2x.png */; };
		F5D36BC115B5BDA500B6E017 /* SchamperStore.m in Sources */ = {isa = PBXBuildFile; fileRef = F5D36BC015B5BDA500B6E017 /* SchamperStore.m */; };
		F5D3B612162EF02F00698C3E /* button-feedback.png in Resources */ = {isa = PBXBuildFile; fileRef = F5D3B610162EF02F00698C3E /* button-feedback.png */; };
		F5D3B613162EF02F00698C3E /* button-feedback@2x.png in Resources */ = {isa = PBXBuildFile; fileRef = F5D3B611162EF02F00698C3E /* button-feedback@2x.png */; };
		F5E7F06C15EF9408004024AA /* header-bg@2x.png in Resources */ = {isa = PBXBuildFile; fileRef = F5E7F06B15EF9407004024AA /* header-bg@2x.png */; };
		F5E7F06E15EF95A6004024AA /* hydra@2x.png in Resources */ = {isa = PBXBuildFile; fileRef = F5E7F06D15EF95A5004024AA /* hydra@2x.png */; };
		F5E7F07215EFAA51004024AA /* button-activities-active@2x.png in Resources */ = {isa = PBXBuildFile; fileRef = F5E7F06F15EFAA50004024AA /* button-activities-active@2x.png */; };
		F5E7F07315EFAA51004024AA /* button-activities@2x.png in Resources */ = {isa = PBXBuildFile; fileRef = F5E7F07015EFAA50004024AA /* button-activities@2x.png */; };
		F5EBF117159E040700EB5D26 /* RestoViewController.m in Sources */ = {isa = PBXBuildFile; fileRef = F5EBF115159E040700EB5D26 /* RestoViewController.m */; };
		F5EBF11D159E092300EB5D26 /* SchamperViewController.m in Sources */ = {isa = PBXBuildFile; fileRef = F5EBF11B159E092300EB5D26 /* SchamperViewController.m */; };
		F5EBF137159E13D300EB5D26 /* CFNetwork.framework in Frameworks */ = {isa = PBXBuildFile; fileRef = F5EBF136159E13D300EB5D26 /* CFNetwork.framework */; };
		F5EBF139159E13D900EB5D26 /* CoreData.framework in Frameworks */ = {isa = PBXBuildFile; fileRef = F5EBF138159E13D900EB5D26 /* CoreData.framework */; };
		F5EBF13B159E13DF00EB5D26 /* Security.framework in Frameworks */ = {isa = PBXBuildFile; fileRef = F5EBF13A159E13DF00EB5D26 /* Security.framework */; };
		F5EBF13D159E13E600EB5D26 /* MobileCoreServices.framework in Frameworks */ = {isa = PBXBuildFile; fileRef = F5EBF13C159E13E600EB5D26 /* MobileCoreServices.framework */; };
		F5EBF13F159E13ED00EB5D26 /* SystemConfiguration.framework in Frameworks */ = {isa = PBXBuildFile; fileRef = F5EBF13E159E13ED00EB5D26 /* SystemConfiguration.framework */; };
		F5EBF143159E13FD00EB5D26 /* QuartzCore.framework in Frameworks */ = {isa = PBXBuildFile; fileRef = F5EBF142159E13FD00EB5D26 /* QuartzCore.framework */; };
		F5EBF144159E141900EB5D26 /* libRestKit.a in Frameworks */ = {isa = PBXBuildFile; fileRef = F5EBF12C159E134500EB5D26 /* libRestKit.a */; };
		F5EBF14C159E1E3600EB5D26 /* SchamperArticle.m in Sources */ = {isa = PBXBuildFile; fileRef = F5EBF14B159E1E3600EB5D26 /* SchamperArticle.m */; };
		F5F43C1415BAC8A7003C2AAE /* Associations.plist in Resources */ = {isa = PBXBuildFile; fileRef = F5F43C1315BAC8A7003C2AAE /* Associations.plist */; };
		F5F43C3E15BAD246003C2AAE /* AssociationNewsItem.m in Sources */ = {isa = PBXBuildFile; fileRef = F5F43C3D15BAD246003C2AAE /* AssociationNewsItem.m */; };
		F5F43C4115BAD2CC003C2AAE /* AssociationActivity.m in Sources */ = {isa = PBXBuildFile; fileRef = F5F43C4015BAD2CC003C2AAE /* AssociationActivity.m */; };
		F5F43C4415BAD2EB003C2AAE /* AssociationStore.m in Sources */ = {isa = PBXBuildFile; fileRef = F5F43C4315BAD2EB003C2AAE /* AssociationStore.m */; };
		F5F43C4715BAD42E003C2AAE /* Association.m in Sources */ = {isa = PBXBuildFile; fileRef = F5F43C4615BAD42E003C2AAE /* Association.m */; };
		F5F43C4A15BAEBE5003C2AAE /* NSString+Utilities.m in Sources */ = {isa = PBXBuildFile; fileRef = F5F43C4915BAEBE5003C2AAE /* NSString+Utilities.m */; };
		F5FC116F15F0211300B3F127 /* button-info-active@2x.png in Resources */ = {isa = PBXBuildFile; fileRef = F5FC116915F0211300B3F127 /* button-info-active@2x.png */; };
		F5FC117015F0211300B3F127 /* button-info@2x.png in Resources */ = {isa = PBXBuildFile; fileRef = F5FC116A15F0211300B3F127 /* button-info@2x.png */; };
		F5FC117115F0211300B3F127 /* button-resto-active@2x.png in Resources */ = {isa = PBXBuildFile; fileRef = F5FC116B15F0211300B3F127 /* button-resto-active@2x.png */; };
		F5FC117215F0211300B3F127 /* button-resto@2x.png in Resources */ = {isa = PBXBuildFile; fileRef = F5FC116C15F0211300B3F127 /* button-resto@2x.png */; };
		F5FC117315F0211300B3F127 /* button-schamper-active@2x.png in Resources */ = {isa = PBXBuildFile; fileRef = F5FC116D15F0211300B3F127 /* button-schamper-active@2x.png */; };
		F5FC117415F0211300B3F127 /* button-schamper@2x.png in Resources */ = {isa = PBXBuildFile; fileRef = F5FC116E15F0211300B3F127 /* button-schamper@2x.png */; };
/* End PBXBuildFile section */

/* Begin PBXContainerItemProxy section */
		F5BAECB21518868200F6A1B1 /* PBXContainerItemProxy */ = {
			isa = PBXContainerItemProxy;
			containerPortal = F5BAEC7D1518868100F6A1B1 /* Project object */;
			proxyType = 1;
			remoteGlobalIDString = F5BAEC851518868200F6A1B1;
			remoteInfo = Hydra;
		};
		F5EBF12B159E134500EB5D26 /* PBXContainerItemProxy */ = {
			isa = PBXContainerItemProxy;
			containerPortal = F5EBF120159E134400EB5D26 /* RestKit.xcodeproj */;
			proxyType = 2;
			remoteGlobalIDString = 25160D1614564E810060A5C5;
			remoteInfo = RestKit;
		};
		F5EBF12D159E134500EB5D26 /* PBXContainerItemProxy */ = {
			isa = PBXContainerItemProxy;
			containerPortal = F5EBF120159E134400EB5D26 /* RestKit.xcodeproj */;
			proxyType = 2;
			remoteGlobalIDString = 25160D2614564E820060A5C5;
			remoteInfo = RestKitTests;
		};
		F5EBF12F159E134500EB5D26 /* PBXContainerItemProxy */ = {
			isa = PBXContainerItemProxy;
			containerPortal = F5EBF120159E134400EB5D26 /* RestKit.xcodeproj */;
			proxyType = 2;
			remoteGlobalIDString = 25160E62145651060060A5C5;
			remoteInfo = RestKitFramework;
		};
		F5EBF131159E134500EB5D26 /* PBXContainerItemProxy */ = {
			isa = PBXContainerItemProxy;
			containerPortal = F5EBF120159E134400EB5D26 /* RestKit.xcodeproj */;
			proxyType = 2;
			remoteGlobalIDString = 25160E78145651060060A5C5;
			remoteInfo = RestKitFrameworkTests;
		};
		F5EBF133159E134500EB5D26 /* PBXContainerItemProxy */ = {
			isa = PBXContainerItemProxy;
			containerPortal = F5EBF120159E134400EB5D26 /* RestKit.xcodeproj */;
			proxyType = 2;
			remoteGlobalIDString = 259C301615128079003066A2;
			remoteInfo = RestKitResources;
		};
		F5EBF145159E142900EB5D26 /* PBXContainerItemProxy */ = {
			isa = PBXContainerItemProxy;
			containerPortal = F5EBF120159E134400EB5D26 /* RestKit.xcodeproj */;
			proxyType = 1;
			remoteGlobalIDString = 25160D1514564E810060A5C5;
			remoteInfo = RestKit;
		};
/* End PBXContainerItemProxy section */

/* Begin PBXFileReference section */
		395C117816272D8000B99F9B /* NewsViewController.h */ = {isa = PBXFileReference; fileEncoding = 4; lastKnownFileType = sourcecode.c.h; path = NewsViewController.h; sourceTree = "<group>"; };
		395C117916272D8000B99F9B /* NewsViewController.m */ = {isa = PBXFileReference; fileEncoding = 4; lastKnownFileType = sourcecode.c.objc; path = NewsViewController.m; sourceTree = "<group>"; };
		395C117B1627437000B99F9B /* NewsItemViewController.h */ = {isa = PBXFileReference; fileEncoding = 4; lastKnownFileType = sourcecode.c.h; path = NewsItemViewController.h; sourceTree = "<group>"; };
		395C117C1627437000B99F9B /* NewsItemViewController.m */ = {isa = PBXFileReference; fileEncoding = 4; lastKnownFileType = sourcecode.c.objc; path = NewsItemViewController.m; sourceTree = "<group>"; };
		3B436DF615B8915200984D3F /* InfoViewController.h */ = {isa = PBXFileReference; fileEncoding = 4; lastKnownFileType = sourcecode.c.h; path = InfoViewController.h; sourceTree = "<group>"; };
		3B436DF715B8915200984D3F /* InfoViewController.m */ = {isa = PBXFileReference; fileEncoding = 4; lastKnownFileType = sourcecode.c.objc; path = InfoViewController.m; sourceTree = "<group>"; };
		3B7AD3B715BC830F0026BB62 /* RestoMenuView.h */ = {isa = PBXFileReference; fileEncoding = 4; lastKnownFileType = sourcecode.c.h; path = RestoMenuView.h; sourceTree = "<group>"; };
		3B7AD3B815BC830F0026BB62 /* RestoMenuView.m */ = {isa = PBXFileReference; fileEncoding = 4; lastKnownFileType = sourcecode.c.objc; path = RestoMenuView.m; sourceTree = "<group>"; };
		3B93FB9E1630939200C962DC /* AudioToolbox.framework */ = {isa = PBXFileReference; lastKnownFileType = wrapper.framework; name = AudioToolbox.framework; path = System/Library/Frameworks/AudioToolbox.framework; sourceTree = SDKROOT; };
		3B93FBA2163094A800C962DC /* AudioStreamer.h */ = {isa = PBXFileReference; fileEncoding = 4; lastKnownFileType = sourcecode.c.h; path = AudioStreamer.h; sourceTree = "<group>"; };
		3B93FBA3163094A800C962DC /* AudioStreamer.m */ = {isa = PBXFileReference; fileEncoding = 4; lastKnownFileType = sourcecode.c.objc; path = AudioStreamer.m; sourceTree = "<group>"; };
		3B93FBA81630969900C962DC /* UrgentPlayer.h */ = {isa = PBXFileReference; fileEncoding = 4; lastKnownFileType = sourcecode.c.h; path = UrgentPlayer.h; sourceTree = "<group>"; };
		3B93FBA91630969900C962DC /* UrgentPlayer.m */ = {isa = PBXFileReference; fileEncoding = 4; lastKnownFileType = sourcecode.c.objc; path = UrgentPlayer.m; sourceTree = "<group>"; };
		3BAFFE7C15BB04B600921E7D /* BadgedButton.h */ = {isa = PBXFileReference; fileEncoding = 4; lastKnownFileType = sourcecode.c.h; path = BadgedButton.h; sourceTree = "<group>"; };
		3BAFFE7D15BB04B600921E7D /* BadgedButton.m */ = {isa = PBXFileReference; fileEncoding = 4; lastKnownFileType = sourcecode.c.objc; path = BadgedButton.m; sourceTree = "<group>"; };
		446378FB162DA12D008D47F2 /* EventKit.framework */ = {isa = PBXFileReference; lastKnownFileType = wrapper.framework; name = EventKit.framework; path = System/Library/Frameworks/EventKit.framework; sourceTree = SDKROOT; };
		44A29C57162DA88E001A573C /* EventKitUI.framework */ = {isa = PBXFileReference; lastKnownFileType = wrapper.framework; name = EventKitUI.framework; path = System/Library/Frameworks/EventKitUI.framework; sourceTree = SDKROOT; };
		90BAB264162749BC0043BA92 /* SchamperDetailViewController.h */ = {isa = PBXFileReference; fileEncoding = 4; lastKnownFileType = sourcecode.c.h; path = SchamperDetailViewController.h; sourceTree = "<group>"; };
		90BAB265162749BC0043BA92 /* SchamperDetailViewController.m */ = {isa = PBXFileReference; fileEncoding = 4; lastKnownFileType = sourcecode.c.objc; path = SchamperDetailViewController.m; sourceTree = "<group>"; };
		F5016BA4162756F300BBDB0A /* ActivityViewController.h */ = {isa = PBXFileReference; fileEncoding = 4; lastKnownFileType = sourcecode.c.h; path = ActivityViewController.h; sourceTree = "<group>"; };
		F5016BA5162756F300BBDB0A /* ActivityViewController.m */ = {isa = PBXFileReference; fileEncoding = 4; lastKnownFileType = sourcecode.c.objc; path = ActivityViewController.m; sourceTree = "<group>"; };
		F5016BA71627665800BBDB0A /* ActivityDetailViewController.h */ = {isa = PBXFileReference; fileEncoding = 4; lastKnownFileType = sourcecode.c.h; path = ActivityDetailViewController.h; sourceTree = "<group>"; };
		F5016BA81627665800BBDB0A /* ActivityDetailViewController.m */ = {isa = PBXFileReference; fileEncoding = 4; lastKnownFileType = sourcecode.c.objc; path = ActivityDetailViewController.m; sourceTree = "<group>"; };
		F50527CD15BDC1E600A697F8 /* info-kalender.html */ = {isa = PBXFileReference; fileEncoding = 4; lastKnownFileType = text.html; path = "info-kalender.html"; sourceTree = "<group>"; };
		F50527CF15BDC5F600A697F8 /* info-studentenartsen.html */ = {isa = PBXFileReference; fileEncoding = 4; lastKnownFileType = text.html; path = "info-studentenartsen.html"; sourceTree = "<group>"; };
		F50EE09415B5F587000F1992 /* WebViewController.h */ = {isa = PBXFileReference; fileEncoding = 4; lastKnownFileType = sourcecode.c.h; path = WebViewController.h; sourceTree = "<group>"; };
		F50EE09515B5F587000F1992 /* WebViewController.m */ = {isa = PBXFileReference; fileEncoding = 4; lastKnownFileType = sourcecode.c.objc; path = WebViewController.m; sourceTree = "<group>"; };
		F5329E0015B9858900C4C5DF /* resto-closed.jpg */ = {isa = PBXFileReference; lastKnownFileType = image.jpeg; path = "resto-closed.jpg"; sourceTree = "<group>"; };
		F5329E0115B9858900C4C5DF /* resto-closed@2x.jpg */ = {isa = PBXFileReference; lastKnownFileType = image.jpeg; path = "resto-closed@2x.jpg"; sourceTree = "<group>"; };
		F53D2489159DB50800F408AB /* header-bg.png */ = {isa = PBXFileReference; lastKnownFileType = image.png; path = "header-bg.png"; sourceTree = "<group>"; };
		F53D248B159DB51A00F408AB /* hydra.png */ = {isa = PBXFileReference; lastKnownFileType = image.png; path = hydra.png; sourceTree = "<group>"; };
		F54B160015B7FFE6000A4407 /* resto-logo.png */ = {isa = PBXFileReference; lastKnownFileType = image.png; path = "resto-logo.png"; sourceTree = "<group>"; };
		F54B160115B7FFE6000A4407 /* resto-logo@2x.png */ = {isa = PBXFileReference; lastKnownFileType = image.png; path = "resto-logo@2x.png"; sourceTree = "<group>"; };
		F54B160515B8118C000A4407 /* UIColor+AppColors.h */ = {isa = PBXFileReference; fileEncoding = 4; lastKnownFileType = sourcecode.c.h; path = "UIColor+AppColors.h"; sourceTree = "<group>"; };
		F54B160615B8118C000A4407 /* UIColor+AppColors.m */ = {isa = PBXFileReference; fileEncoding = 4; lastKnownFileType = sourcecode.c.objc; path = "UIColor+AppColors.m"; sourceTree = "<group>"; };
		F55895C215B60F450001B399 /* RestoMenu.h */ = {isa = PBXFileReference; fileEncoding = 4; lastKnownFileType = sourcecode.c.h; path = RestoMenu.h; sourceTree = "<group>"; };
		F55895C315B60F450001B399 /* RestoMenu.m */ = {isa = PBXFileReference; fileEncoding = 4; lastKnownFileType = sourcecode.c.objc; path = RestoMenu.m; sourceTree = "<group>"; };
		F55895C515B6100C0001B399 /* RestoStore.h */ = {isa = PBXFileReference; fileEncoding = 4; lastKnownFileType = sourcecode.c.h; path = RestoStore.h; sourceTree = "<group>"; };
		F55895C615B610130001B399 /* RestoStore.m */ = {isa = PBXFileReference; fileEncoding = 4; lastKnownFileType = sourcecode.c.objc; path = RestoStore.m; sourceTree = "<group>"; };
		F57CB9D815B84C4B00D87CB3 /* NSDate+Utilities.h */ = {isa = PBXFileReference; fileEncoding = 4; lastKnownFileType = sourcecode.c.h; path = "NSDate+Utilities.h"; sourceTree = "<group>"; };
		F57CB9D915B84C4B00D87CB3 /* NSDate+Utilities.m */ = {isa = PBXFileReference; fileEncoding = 4; lastKnownFileType = sourcecode.c.objc; path = "NSDate+Utilities.m"; sourceTree = "<group>"; };
		F57E7E0B15B837F000D2A59E /* icon-meal.png */ = {isa = PBXFileReference; lastKnownFileType = image.png; path = "icon-meal.png"; sourceTree = "<group>"; };
		F57E7E0C15B837F000D2A59E /* icon-soup.png */ = {isa = PBXFileReference; lastKnownFileType = image.png; path = "icon-soup.png"; sourceTree = "<group>"; };
		F57E7E0D15B837F000D2A59E /* icon-vegetables.png */ = {isa = PBXFileReference; lastKnownFileType = image.png; path = "icon-vegetables.png"; sourceTree = "<group>"; };
		F58408AB159DDA0E00EE7010 /* button-activities-active.png */ = {isa = PBXFileReference; lastKnownFileType = image.png; path = "button-activities-active.png"; sourceTree = "<group>"; };
		F58408AC159DDA0E00EE7010 /* button-activities.png */ = {isa = PBXFileReference; lastKnownFileType = image.png; path = "button-activities.png"; sourceTree = "<group>"; };
		F58408AD159DDA0E00EE7010 /* button-gsr-active.png */ = {isa = PBXFileReference; lastKnownFileType = image.png; path = "button-gsr-active.png"; sourceTree = "<group>"; };
		F58408AE159DDA0E00EE7010 /* button-gsr.png */ = {isa = PBXFileReference; lastKnownFileType = image.png; path = "button-gsr.png"; sourceTree = "<group>"; };
		F58408AF159DDA0E00EE7010 /* button-info-active.png */ = {isa = PBXFileReference; lastKnownFileType = image.png; path = "button-info-active.png"; sourceTree = "<group>"; };
		F58408B0159DDA0E00EE7010 /* button-info.png */ = {isa = PBXFileReference; lastKnownFileType = image.png; path = "button-info.png"; sourceTree = "<group>"; };
		F58408B1159DDA0E00EE7010 /* button-news-active.png */ = {isa = PBXFileReference; lastKnownFileType = image.png; path = "button-news-active.png"; sourceTree = "<group>"; };
		F58408B2159DDA0E00EE7010 /* button-news.png */ = {isa = PBXFileReference; lastKnownFileType = image.png; path = "button-news.png"; sourceTree = "<group>"; };
		F58408B3159DDA0E00EE7010 /* button-resto-active.png */ = {isa = PBXFileReference; lastKnownFileType = image.png; path = "button-resto-active.png"; sourceTree = "<group>"; };
		F58408B4159DDA0E00EE7010 /* button-resto.png */ = {isa = PBXFileReference; lastKnownFileType = image.png; path = "button-resto.png"; sourceTree = "<group>"; };
		F58408B5159DDA0E00EE7010 /* button-schamper-active.png */ = {isa = PBXFileReference; lastKnownFileType = image.png; path = "button-schamper-active.png"; sourceTree = "<group>"; };
		F58408B6159DDA0E00EE7010 /* button-schamper.png */ = {isa = PBXFileReference; lastKnownFileType = image.png; path = "button-schamper.png"; sourceTree = "<group>"; };
		F59D16E415BD693F00B6F892 /* info-academiccalendar.png */ = {isa = PBXFileReference; lastKnownFileType = image.png; path = "info-academiccalendar.png"; sourceTree = "<group>"; };
		F59D16E515BD693F00B6F892 /* info-academiccalendar@2x.png */ = {isa = PBXFileReference; lastKnownFileType = image.png; path = "info-academiccalendar@2x.png"; sourceTree = "<group>"; };
		F59D16E615BD693F00B6F892 /* info-bicycle.png */ = {isa = PBXFileReference; lastKnownFileType = image.png; path = "info-bicycle.png"; sourceTree = "<group>"; };
		F59D16E715BD693F00B6F892 /* info-bicycle@2x.png */ = {isa = PBXFileReference; lastKnownFileType = image.png; path = "info-bicycle@2x.png"; sourceTree = "<group>"; };
		F59D16E815BD693F00B6F892 /* info-durfdoen.png */ = {isa = PBXFileReference; lastKnownFileType = image.png; path = "info-durfdoen.png"; sourceTree = "<group>"; };
		F59D16E915BD693F00B6F892 /* info-durfdoen@2x.png */ = {isa = PBXFileReference; lastKnownFileType = image.png; path = "info-durfdoen@2x.png"; sourceTree = "<group>"; };
		F59D16EA15BD693F00B6F892 /* info-library.png */ = {isa = PBXFileReference; lastKnownFileType = image.png; path = "info-library.png"; sourceTree = "<group>"; };
		F59D16EB15BD693F00B6F892 /* info-library@2x.png */ = {isa = PBXFileReference; lastKnownFileType = image.png; path = "info-library@2x.png"; sourceTree = "<group>"; };
		F59D16EC15BD693F00B6F892 /* info-more.png */ = {isa = PBXFileReference; lastKnownFileType = image.png; path = "info-more.png"; sourceTree = "<group>"; };
		F59D16ED15BD693F00B6F892 /* info-more@2x.png */ = {isa = PBXFileReference; lastKnownFileType = image.png; path = "info-more@2x.png"; sourceTree = "<group>"; };
		F59D16EE15BD693F00B6F892 /* info-sports.png */ = {isa = PBXFileReference; lastKnownFileType = image.png; path = "info-sports.png"; sourceTree = "<group>"; };
		F59D16EF15BD693F00B6F892 /* info-sports@2x.png */ = {isa = PBXFileReference; lastKnownFileType = image.png; path = "info-sports@2x.png"; sourceTree = "<group>"; };
		F59D16F015BD693F00B6F892 /* info-studentdoctors.png */ = {isa = PBXFileReference; lastKnownFileType = image.png; path = "info-studentdoctors.png"; sourceTree = "<group>"; };
		F59D16F115BD693F00B6F892 /* info-studentdoctors@2x.png */ = {isa = PBXFileReference; lastKnownFileType = image.png; path = "info-studentdoctors@2x.png"; sourceTree = "<group>"; };
		F59D16F215BD693F00B6F892 /* info-urgent.png */ = {isa = PBXFileReference; lastKnownFileType = image.png; path = "info-urgent.png"; sourceTree = "<group>"; };
		F59D16F315BD693F00B6F892 /* info-urgent@2x.png */ = {isa = PBXFileReference; lastKnownFileType = image.png; path = "info-urgent@2x.png"; sourceTree = "<group>"; };
		F59D170715BD7CE500B6F892 /* info-content.plist */ = {isa = PBXFileReference; fileEncoding = 4; lastKnownFileType = text.plist.xml; path = "info-content.plist"; sourceTree = "<group>"; };
		F59D170815BD7CE500B6F892 /* info-sport-openingsuren.html */ = {isa = PBXFileReference; fileEncoding = 4; lastKnownFileType = text.html; path = "info-sport-openingsuren.html"; sourceTree = "<group>"; };
		F59D170D15BD811000B6F892 /* info-sport-aanbod.html */ = {isa = PBXFileReference; fileEncoding = 4; lastKnownFileType = text.html; path = "info-sport-aanbod.html"; sourceTree = "<group>"; };
		F59D170F15BD813E00B6F892 /* webview.css */ = {isa = PBXFileReference; fileEncoding = 4; lastKnownFileType = text.css; path = webview.css; sourceTree = "<group>"; };
		F5A81CBD15CF1BA700FE033B /* external-link.png */ = {isa = PBXFileReference; lastKnownFileType = image.png; path = "external-link.png"; sourceTree = "<group>"; };
		F5A81CBF15CF1CC500FE033B /* external-link-active.png */ = {isa = PBXFileReference; lastKnownFileType = image.png; path = "external-link-active.png"; sourceTree = "<group>"; };
		F5A81CC015CF1CC500FE033B /* external-link-active@2x.png */ = {isa = PBXFileReference; lastKnownFileType = image.png; path = "external-link-active@2x.png"; sourceTree = "<group>"; };
		F5A81CC115CF1CC500FE033B /* external-link@2x.png */ = {isa = PBXFileReference; lastKnownFileType = image.png; path = "external-link@2x.png"; sourceTree = "<group>"; };
		F5BAEC861518868200F6A1B1 /* Hydra.app */ = {isa = PBXFileReference; explicitFileType = wrapper.application; includeInIndex = 0; path = Hydra.app; sourceTree = BUILT_PRODUCTS_DIR; };
		F5BAEC8A1518868200F6A1B1 /* UIKit.framework */ = {isa = PBXFileReference; lastKnownFileType = wrapper.framework; name = UIKit.framework; path = System/Library/Frameworks/UIKit.framework; sourceTree = SDKROOT; };
		F5BAEC8C1518868200F6A1B1 /* Foundation.framework */ = {isa = PBXFileReference; lastKnownFileType = wrapper.framework; name = Foundation.framework; path = System/Library/Frameworks/Foundation.framework; sourceTree = SDKROOT; };
		F5BAEC8E1518868200F6A1B1 /* CoreGraphics.framework */ = {isa = PBXFileReference; lastKnownFileType = wrapper.framework; name = CoreGraphics.framework; path = System/Library/Frameworks/CoreGraphics.framework; sourceTree = SDKROOT; };
		F5BAEC921518868200F6A1B1 /* Hydra-Info.plist */ = {isa = PBXFileReference; lastKnownFileType = text.plist.xml; path = "Hydra-Info.plist"; sourceTree = "<group>"; };
		F5BAEC961518868200F6A1B1 /* main.m */ = {isa = PBXFileReference; lastKnownFileType = sourcecode.c.objc; lineEnding = 0; name = main.m; path = Hydra/main.m; sourceTree = "<group>"; xcLanguageSpecificationIdentifier = xcode.lang.objc; };
		F5BAEC991518868200F6A1B1 /* AppDelegate.h */ = {isa = PBXFileReference; lastKnownFileType = sourcecode.c.h; lineEnding = 0; path = AppDelegate.h; sourceTree = "<group>"; xcLanguageSpecificationIdentifier = xcode.lang.objcpp; };
		F5BAEC9A1518868200F6A1B1 /* AppDelegate.m */ = {isa = PBXFileReference; lastKnownFileType = sourcecode.c.objc; path = AppDelegate.m; sourceTree = "<group>"; };
		F5BAECA21518868200F6A1B1 /* DashboardViewController.h */ = {isa = PBXFileReference; lastKnownFileType = sourcecode.c.h; lineEnding = 0; path = DashboardViewController.h; sourceTree = "<group>"; xcLanguageSpecificationIdentifier = xcode.lang.objcpp; };
		F5BAECA31518868200F6A1B1 /* DashboardViewController.m */ = {isa = PBXFileReference; lastKnownFileType = sourcecode.c.objc; path = DashboardViewController.m; sourceTree = "<group>"; };
		F5BAECAD1518868200F6A1B1 /* HydraTests.octest */ = {isa = PBXFileReference; explicitFileType = wrapper.cfbundle; includeInIndex = 0; path = HydraTests.octest; sourceTree = BUILT_PRODUCTS_DIR; };
		F5BAECAE1518868200F6A1B1 /* SenTestingKit.framework */ = {isa = PBXFileReference; lastKnownFileType = wrapper.framework; name = SenTestingKit.framework; path = Library/Frameworks/SenTestingKit.framework; sourceTree = DEVELOPER_DIR; };
		F5BAECB61518868200F6A1B1 /* HydraTests-Info.plist */ = {isa = PBXFileReference; lastKnownFileType = text.plist.xml; path = "HydraTests-Info.plist"; sourceTree = "<group>"; };
		F5BAECBA1518868200F6A1B1 /* HydraTests.h */ = {isa = PBXFileReference; lastKnownFileType = sourcecode.c.h; lineEnding = 0; path = HydraTests.h; sourceTree = "<group>"; xcLanguageSpecificationIdentifier = xcode.lang.objcpp; };
		F5BAECBB1518868200F6A1B1 /* HydraTests.m */ = {isa = PBXFileReference; lastKnownFileType = sourcecode.c.objc; lineEnding = 0; path = HydraTests.m; sourceTree = "<group>"; xcLanguageSpecificationIdentifier = xcode.lang.objc; };
		F5BC3D87162EB8E900E4A902 /* libz.dylib */ = {isa = PBXFileReference; lastKnownFileType = "compiled.mach-o.dylib"; name = libz.dylib; path = usr/lib/libz.dylib; sourceTree = SDKROOT; };
		F5BC3D89162EB91F00E4A902 /* libTestFlight.a */ = {isa = PBXFileReference; lastKnownFileType = archive.ar; name = libTestFlight.a; path = TestFlight/libTestFlight.a; sourceTree = "<group>"; };
		F5BC3D8A162EB91F00E4A902 /* TestFlight.h */ = {isa = PBXFileReference; fileEncoding = 4; lastKnownFileType = sourcecode.c.h; name = TestFlight.h; path = TestFlight/TestFlight.h; sourceTree = "<group>"; };
		F5BC3D8D162EBB5100E4A902 /* Default-568h@2x.png */ = {isa = PBXFileReference; lastKnownFileType = image.png; path = "Default-568h@2x.png"; sourceTree = "<group>"; };
		F5CFAA3C15BD9B87008E75B0 /* info-fietsen.html */ = {isa = PBXFileReference; fileEncoding = 4; lastKnownFileType = text.html; path = "info-fietsen.html"; sourceTree = "<group>"; };
		F5D2B6B015EFE0DE003EA54C /* button-gsr-active@2x.png */ = {isa = PBXFileReference; lastKnownFileType = image.png; path = "button-gsr-active@2x.png"; sourceTree = "<group>"; };
		F5D2B6B115EFE0DE003EA54C /* button-gsr@2x.png */ = {isa = PBXFileReference; lastKnownFileType = image.png; path = "button-gsr@2x.png"; sourceTree = "<group>"; };
		F5D2B6B415EFE2DE003EA54C /* button-news@2x.png */ = {isa = PBXFileReference; lastKnownFileType = image.png; path = "button-news@2x.png"; sourceTree = "<group>"; };
		F5D2B6B615EFEAAF003EA54C /* button-news-active@2x.png */ = {isa = PBXFileReference; lastKnownFileType = image.png; path = "button-news-active@2x.png"; sourceTree = "<group>"; };
		F5D36BB315B5BD2A00B6E017 /* Default.png */ = {isa = PBXFileReference; lastKnownFileType = image.png; path = Default.png; sourceTree = "<group>"; };
		F5D36BB415B5BD2A00B6E017 /* Default@2x.png */ = {isa = PBXFileReference; lastKnownFileType = image.png; path = "Default@2x.png"; sourceTree = "<group>"; };
		F5D36BB515B5BD2A00B6E017 /* Icon.png */ = {isa = PBXFileReference; lastKnownFileType = image.png; path = Icon.png; sourceTree = "<group>"; };
		F5D36BB615B5BD2A00B6E017 /* Icon@2x.png */ = {isa = PBXFileReference; lastKnownFileType = image.png; path = "Icon@2x.png"; sourceTree = "<group>"; };
		F5D36BBF15B5BDA500B6E017 /* SchamperStore.h */ = {isa = PBXFileReference; fileEncoding = 4; lastKnownFileType = sourcecode.c.h; path = SchamperStore.h; sourceTree = "<group>"; };
		F5D36BC015B5BDA500B6E017 /* SchamperStore.m */ = {isa = PBXFileReference; fileEncoding = 4; lastKnownFileType = sourcecode.c.objc; path = SchamperStore.m; sourceTree = "<group>"; };
		F5D36BD715B5CC0300B6E017 /* nl */ = {isa = PBXFileReference; lastKnownFileType = file.xib; name = nl; path = nl.lproj/RestoViewController.xib; sourceTree = "<group>"; };
		F5D36BD815B5CD1500B6E017 /* Hydra-Prefix.pch */ = {isa = PBXFileReference; fileEncoding = 4; lastKnownFileType = sourcecode.c.h; name = "Hydra-Prefix.pch"; path = "Hydra/Hydra-Prefix.pch"; sourceTree = "<group>"; };
		F5D3B610162EF02F00698C3E /* button-feedback.png */ = {isa = PBXFileReference; lastKnownFileType = image.png; path = "button-feedback.png"; sourceTree = "<group>"; };
		F5D3B611162EF02F00698C3E /* button-feedback@2x.png */ = {isa = PBXFileReference; lastKnownFileType = image.png; path = "button-feedback@2x.png"; sourceTree = "<group>"; };
		F5E7F06B15EF9407004024AA /* header-bg@2x.png */ = {isa = PBXFileReference; lastKnownFileType = image.png; path = "header-bg@2x.png"; sourceTree = "<group>"; };
		F5E7F06D15EF95A5004024AA /* hydra@2x.png */ = {isa = PBXFileReference; lastKnownFileType = image.png; path = "hydra@2x.png"; sourceTree = "<group>"; };
		F5E7F06F15EFAA50004024AA /* button-activities-active@2x.png */ = {isa = PBXFileReference; lastKnownFileType = image.png; path = "button-activities-active@2x.png"; sourceTree = "<group>"; };
		F5E7F07015EFAA50004024AA /* button-activities@2x.png */ = {isa = PBXFileReference; lastKnownFileType = image.png; path = "button-activities@2x.png"; sourceTree = "<group>"; };
		F5EBF112159DFDEC00EB5D26 /* nl */ = {isa = PBXFileReference; lastKnownFileType = file.xib; name = nl; path = nl.lproj/DashboardViewController.xib; sourceTree = "<group>"; };
		F5EBF114159E040700EB5D26 /* RestoViewController.h */ = {isa = PBXFileReference; fileEncoding = 4; lastKnownFileType = sourcecode.c.h; path = RestoViewController.h; sourceTree = "<group>"; };
		F5EBF115159E040700EB5D26 /* RestoViewController.m */ = {isa = PBXFileReference; fileEncoding = 4; lastKnownFileType = sourcecode.c.objc; path = RestoViewController.m; sourceTree = "<group>"; wrapsLines = 0; };
		F5EBF11A159E092300EB5D26 /* SchamperViewController.h */ = {isa = PBXFileReference; fileEncoding = 4; lastKnownFileType = sourcecode.c.h; path = SchamperViewController.h; sourceTree = "<group>"; };
		F5EBF11B159E092300EB5D26 /* SchamperViewController.m */ = {isa = PBXFileReference; fileEncoding = 4; lastKnownFileType = sourcecode.c.objc; path = SchamperViewController.m; sourceTree = "<group>"; };
		F5EBF120159E134400EB5D26 /* RestKit.xcodeproj */ = {isa = PBXFileReference; lastKnownFileType = "wrapper.pb-project"; name = RestKit.xcodeproj; path = RestKit/RestKit.xcodeproj; sourceTree = "<group>"; };
		F5EBF136159E13D300EB5D26 /* CFNetwork.framework */ = {isa = PBXFileReference; lastKnownFileType = wrapper.framework; name = CFNetwork.framework; path = System/Library/Frameworks/CFNetwork.framework; sourceTree = SDKROOT; };
		F5EBF138159E13D900EB5D26 /* CoreData.framework */ = {isa = PBXFileReference; lastKnownFileType = wrapper.framework; name = CoreData.framework; path = System/Library/Frameworks/CoreData.framework; sourceTree = SDKROOT; };
		F5EBF13A159E13DF00EB5D26 /* Security.framework */ = {isa = PBXFileReference; lastKnownFileType = wrapper.framework; name = Security.framework; path = System/Library/Frameworks/Security.framework; sourceTree = SDKROOT; };
		F5EBF13C159E13E600EB5D26 /* MobileCoreServices.framework */ = {isa = PBXFileReference; lastKnownFileType = wrapper.framework; name = MobileCoreServices.framework; path = System/Library/Frameworks/MobileCoreServices.framework; sourceTree = SDKROOT; };
		F5EBF13E159E13ED00EB5D26 /* SystemConfiguration.framework */ = {isa = PBXFileReference; lastKnownFileType = wrapper.framework; name = SystemConfiguration.framework; path = System/Library/Frameworks/SystemConfiguration.framework; sourceTree = SDKROOT; };
		F5EBF142159E13FD00EB5D26 /* QuartzCore.framework */ = {isa = PBXFileReference; lastKnownFileType = wrapper.framework; name = QuartzCore.framework; path = System/Library/Frameworks/QuartzCore.framework; sourceTree = SDKROOT; };
		F5EBF14A159E1E3600EB5D26 /* SchamperArticle.h */ = {isa = PBXFileReference; fileEncoding = 4; lastKnownFileType = sourcecode.c.h; path = SchamperArticle.h; sourceTree = "<group>"; };
		F5EBF14B159E1E3600EB5D26 /* SchamperArticle.m */ = {isa = PBXFileReference; fileEncoding = 4; lastKnownFileType = sourcecode.c.objc; path = SchamperArticle.m; sourceTree = "<group>"; };
		F5F43C1315BAC8A7003C2AAE /* Associations.plist */ = {isa = PBXFileReference; fileEncoding = 4; lastKnownFileType = text.plist.xml; path = Associations.plist; sourceTree = "<group>"; };
		F5F43C3C15BAD246003C2AAE /* AssociationNewsItem.h */ = {isa = PBXFileReference; fileEncoding = 4; lastKnownFileType = sourcecode.c.h; path = AssociationNewsItem.h; sourceTree = "<group>"; };
		F5F43C3D15BAD246003C2AAE /* AssociationNewsItem.m */ = {isa = PBXFileReference; fileEncoding = 4; lastKnownFileType = sourcecode.c.objc; path = AssociationNewsItem.m; sourceTree = "<group>"; };
		F5F43C3F15BAD2CC003C2AAE /* AssociationActivity.h */ = {isa = PBXFileReference; fileEncoding = 4; lastKnownFileType = sourcecode.c.h; path = AssociationActivity.h; sourceTree = "<group>"; };
		F5F43C4015BAD2CC003C2AAE /* AssociationActivity.m */ = {isa = PBXFileReference; fileEncoding = 4; lastKnownFileType = sourcecode.c.objc; path = AssociationActivity.m; sourceTree = "<group>"; };
		F5F43C4215BAD2EB003C2AAE /* AssociationStore.h */ = {isa = PBXFileReference; fileEncoding = 4; lastKnownFileType = sourcecode.c.h; path = AssociationStore.h; sourceTree = "<group>"; };
		F5F43C4315BAD2EB003C2AAE /* AssociationStore.m */ = {isa = PBXFileReference; fileEncoding = 4; lastKnownFileType = sourcecode.c.objc; path = AssociationStore.m; sourceTree = "<group>"; };
		F5F43C4515BAD42E003C2AAE /* Association.h */ = {isa = PBXFileReference; fileEncoding = 4; lastKnownFileType = sourcecode.c.h; path = Association.h; sourceTree = "<group>"; };
		F5F43C4615BAD42E003C2AAE /* Association.m */ = {isa = PBXFileReference; fileEncoding = 4; lastKnownFileType = sourcecode.c.objc; path = Association.m; sourceTree = "<group>"; };
		F5F43C4815BAEBE5003C2AAE /* NSString+Utilities.h */ = {isa = PBXFileReference; fileEncoding = 4; lastKnownFileType = sourcecode.c.h; path = "NSString+Utilities.h"; sourceTree = "<group>"; };
		F5F43C4915BAEBE5003C2AAE /* NSString+Utilities.m */ = {isa = PBXFileReference; fileEncoding = 4; lastKnownFileType = sourcecode.c.objc; path = "NSString+Utilities.m"; sourceTree = "<group>"; };
		F5FC116915F0211300B3F127 /* button-info-active@2x.png */ = {isa = PBXFileReference; lastKnownFileType = image.png; path = "button-info-active@2x.png"; sourceTree = "<group>"; };
		F5FC116A15F0211300B3F127 /* button-info@2x.png */ = {isa = PBXFileReference; lastKnownFileType = image.png; path = "button-info@2x.png"; sourceTree = "<group>"; };
		F5FC116B15F0211300B3F127 /* button-resto-active@2x.png */ = {isa = PBXFileReference; lastKnownFileType = image.png; path = "button-resto-active@2x.png"; sourceTree = "<group>"; };
		F5FC116C15F0211300B3F127 /* button-resto@2x.png */ = {isa = PBXFileReference; lastKnownFileType = image.png; path = "button-resto@2x.png"; sourceTree = "<group>"; };
		F5FC116D15F0211300B3F127 /* button-schamper-active@2x.png */ = {isa = PBXFileReference; lastKnownFileType = image.png; path = "button-schamper-active@2x.png"; sourceTree = "<group>"; };
		F5FC116E15F0211300B3F127 /* button-schamper@2x.png */ = {isa = PBXFileReference; lastKnownFileType = image.png; path = "button-schamper@2x.png"; sourceTree = "<group>"; };
/* End PBXFileReference section */

/* Begin PBXFrameworksBuildPhase section */
		F5BAEC831518868200F6A1B1 /* Frameworks */ = {
			isa = PBXFrameworksBuildPhase;
			buildActionMask = 2147483647;
			files = (
				3B93FBA7163095F900C962DC /* AudioToolbox.framework in Frameworks */,
				F5BC3D88162EB8E900E4A902 /* libz.dylib in Frameworks */,
				44A29C58162DA88E001A573C /* EventKitUI.framework in Frameworks */,
				446378FC162DA12D008D47F2 /* EventKit.framework in Frameworks */,
				F5EBF143159E13FD00EB5D26 /* QuartzCore.framework in Frameworks */,
				F5EBF13F159E13ED00EB5D26 /* SystemConfiguration.framework in Frameworks */,
				F5EBF13D159E13E600EB5D26 /* MobileCoreServices.framework in Frameworks */,
				F5EBF13B159E13DF00EB5D26 /* Security.framework in Frameworks */,
				F5EBF139159E13D900EB5D26 /* CoreData.framework in Frameworks */,
				F5EBF137159E13D300EB5D26 /* CFNetwork.framework in Frameworks */,
				F5BAEC8B1518868200F6A1B1 /* UIKit.framework in Frameworks */,
				F5BAEC8D1518868200F6A1B1 /* Foundation.framework in Frameworks */,
				F5BAEC8F1518868200F6A1B1 /* CoreGraphics.framework in Frameworks */,
				F5EBF144159E141900EB5D26 /* libRestKit.a in Frameworks */,
				F5BC3D8B162EB91F00E4A902 /* libTestFlight.a in Frameworks */,
			);
			runOnlyForDeploymentPostprocessing = 0;
		};
		F5BAECA91518868200F6A1B1 /* Frameworks */ = {
			isa = PBXFrameworksBuildPhase;
			buildActionMask = 2147483647;
			files = (
				3B93FB9F1630939200C962DC /* AudioToolbox.framework in Frameworks */,
				F5BAECAF1518868200F6A1B1 /* SenTestingKit.framework in Frameworks */,
				F5BAECB01518868200F6A1B1 /* UIKit.framework in Frameworks */,
				F5BAECB11518868200F6A1B1 /* Foundation.framework in Frameworks */,
			);
			runOnlyForDeploymentPostprocessing = 0;
		};
/* End PBXFrameworksBuildPhase section */

/* Begin PBXGroup section */
		3B059BF215B99B4800B4C1DA /* Custom views */ = {
			isa = PBXGroup;
			children = (
				3BAFFE7C15BB04B600921E7D /* BadgedButton.h */,
				3BAFFE7D15BB04B600921E7D /* BadgedButton.m */,
			);
			name = "Custom views";
			sourceTree = "<group>";
		};
		3B7AD3B615BC82EB0026BB62 /* Resto */ = {
			isa = PBXGroup;
			children = (
				3B7AD3B715BC830F0026BB62 /* RestoMenuView.h */,
				3B7AD3B815BC830F0026BB62 /* RestoMenuView.m */,
				F5EBF114159E040700EB5D26 /* RestoViewController.h */,
				F5EBF115159E040700EB5D26 /* RestoViewController.m */,
				F5D36BD215B5CB9C00B6E017 /* RestoViewController.xib */,
			);
			name = Resto;
			sourceTree = "<group>";
		};
		3B93FBA01630942500C962DC /* Urgent */ = {
			isa = PBXGroup;
			children = (
				3B93FBA2163094A800C962DC /* AudioStreamer.h */,
				3B93FBA3163094A800C962DC /* AudioStreamer.m */,
				3B93FBA81630969900C962DC /* UrgentPlayer.h */,
				3B93FBA91630969900C962DC /* UrgentPlayer.m */,
			);
			name = Urgent;
			sourceTree = "<group>";
		};
		F53D2488159DB4DB00F408AB /* Images */ = {
			isa = PBXGroup;
			children = (
				F58408AB159DDA0E00EE7010 /* button-activities-active.png */,
				F5E7F06F15EFAA50004024AA /* button-activities-active@2x.png */,
				F58408AC159DDA0E00EE7010 /* button-activities.png */,
				F5E7F07015EFAA50004024AA /* button-activities@2x.png */,
				F5D3B610162EF02F00698C3E /* button-feedback.png */,
				F5D3B611162EF02F00698C3E /* button-feedback@2x.png */,
				F58408AD159DDA0E00EE7010 /* button-gsr-active.png */,
				F5D2B6B015EFE0DE003EA54C /* button-gsr-active@2x.png */,
				F58408AE159DDA0E00EE7010 /* button-gsr.png */,
				F5D2B6B115EFE0DE003EA54C /* button-gsr@2x.png */,
				F58408AF159DDA0E00EE7010 /* button-info-active.png */,
				F5FC116915F0211300B3F127 /* button-info-active@2x.png */,
				F58408B0159DDA0E00EE7010 /* button-info.png */,
				F5FC116A15F0211300B3F127 /* button-info@2x.png */,
				F58408B1159DDA0E00EE7010 /* button-news-active.png */,
				F5D2B6B615EFEAAF003EA54C /* button-news-active@2x.png */,
				F58408B2159DDA0E00EE7010 /* button-news.png */,
				F5D2B6B415EFE2DE003EA54C /* button-news@2x.png */,
				F58408B3159DDA0E00EE7010 /* button-resto-active.png */,
				F5FC116B15F0211300B3F127 /* button-resto-active@2x.png */,
				F58408B4159DDA0E00EE7010 /* button-resto.png */,
				F5FC116C15F0211300B3F127 /* button-resto@2x.png */,
				F58408B5159DDA0E00EE7010 /* button-schamper-active.png */,
				F5FC116D15F0211300B3F127 /* button-schamper-active@2x.png */,
				F58408B6159DDA0E00EE7010 /* button-schamper.png */,
				F5FC116E15F0211300B3F127 /* button-schamper@2x.png */,
				F5A81CBF15CF1CC500FE033B /* external-link-active.png */,
				F5A81CC015CF1CC500FE033B /* external-link-active@2x.png */,
				F5A81CBD15CF1BA700FE033B /* external-link.png */,
				F5A81CC115CF1CC500FE033B /* external-link@2x.png */,
				F53D2489159DB50800F408AB /* header-bg.png */,
				F5E7F06B15EF9407004024AA /* header-bg@2x.png */,
				F53D248B159DB51A00F408AB /* hydra.png */,
				F5E7F06D15EF95A5004024AA /* hydra@2x.png */,
				F57E7E0B15B837F000D2A59E /* icon-meal.png */,
				F57E7E0C15B837F000D2A59E /* icon-soup.png */,
				F57E7E0D15B837F000D2A59E /* icon-vegetables.png */,
				F59D16E415BD693F00B6F892 /* info-academiccalendar.png */,
				F59D16E515BD693F00B6F892 /* info-academiccalendar@2x.png */,
				F59D16E615BD693F00B6F892 /* info-bicycle.png */,
				F59D16E715BD693F00B6F892 /* info-bicycle@2x.png */,
				F59D16E815BD693F00B6F892 /* info-durfdoen.png */,
				F59D16E915BD693F00B6F892 /* info-durfdoen@2x.png */,
				F59D16EA15BD693F00B6F892 /* info-library.png */,
				F59D16EB15BD693F00B6F892 /* info-library@2x.png */,
				F59D16EC15BD693F00B6F892 /* info-more.png */,
				F59D16ED15BD693F00B6F892 /* info-more@2x.png */,
				F59D16EE15BD693F00B6F892 /* info-sports.png */,
				F59D16EF15BD693F00B6F892 /* info-sports@2x.png */,
				F59D16F015BD693F00B6F892 /* info-studentdoctors.png */,
				F59D16F115BD693F00B6F892 /* info-studentdoctors@2x.png */,
				F59D16F215BD693F00B6F892 /* info-urgent.png */,
				F59D16F315BD693F00B6F892 /* info-urgent@2x.png */,
				F5329E0015B9858900C4C5DF /* resto-closed.jpg */,
				F5329E0115B9858900C4C5DF /* resto-closed@2x.jpg */,
				F54B160015B7FFE6000A4407 /* resto-logo.png */,
				F54B160115B7FFE6000A4407 /* resto-logo@2x.png */,
			);
			path = Images;
			sourceTree = "<group>";
		};
		F57CB9DB15B84C4E00D87CB3 /* Categories */ = {
			isa = PBXGroup;
			children = (
				F54B160515B8118C000A4407 /* UIColor+AppColors.h */,
				F54B160615B8118C000A4407 /* UIColor+AppColors.m */,
				F57CB9D815B84C4B00D87CB3 /* NSDate+Utilities.h */,
				F57CB9D915B84C4B00D87CB3 /* NSDate+Utilities.m */,
				F5F43C4815BAEBE5003C2AAE /* NSString+Utilities.h */,
				F5F43C4915BAEBE5003C2AAE /* NSString+Utilities.m */,
			);
			name = Categories;
			sourceTree = "<group>";
		};
		F59D170615BD7CE500B6F892 /* Info */ = {
			isa = PBXGroup;
			children = (
				F59D170715BD7CE500B6F892 /* info-content.plist */,
				F5CFAA3C15BD9B87008E75B0 /* info-fietsen.html */,
				F50527CD15BDC1E600A697F8 /* info-kalender.html */,
				F59D170D15BD811000B6F892 /* info-sport-aanbod.html */,
				F59D170815BD7CE500B6F892 /* info-sport-openingsuren.html */,
				F50527CF15BDC5F600A697F8 /* info-studentenartsen.html */,
				F59D170F15BD813E00B6F892 /* webview.css */,
			);
			path = Info;
			sourceTree = "<group>";
		};
		F5BAEC7B1518868100F6A1B1 = {
			isa = PBXGroup;
			children = (
				F5BAEC901518868200F6A1B1 /* Hydra */,
				F5BAEC911518868200F6A1B1 /* Resources */,
				F5BAECB41518868200F6A1B1 /* HydraTests */,
				F5BAEC891518868200F6A1B1 /* Frameworks */,
				F5BAEC871518868200F6A1B1 /* Products */,
			);
			sourceTree = "<group>";
		};
		F5BAEC871518868200F6A1B1 /* Products */ = {
			isa = PBXGroup;
			children = (
				F5BAEC861518868200F6A1B1 /* Hydra.app */,
				F5BAECAD1518868200F6A1B1 /* HydraTests.octest */,
			);
			name = Products;
			sourceTree = "<group>";
		};
		F5BAEC891518868200F6A1B1 /* Frameworks */ = {
			isa = PBXGroup;
			children = (
				3B93FB9E1630939200C962DC /* AudioToolbox.framework */,
				F5EBF136159E13D300EB5D26 /* CFNetwork.framework */,
				F5EBF138159E13D900EB5D26 /* CoreData.framework */,
				F5BAEC8E1518868200F6A1B1 /* CoreGraphics.framework */,
				446378FB162DA12D008D47F2 /* EventKit.framework */,
				44A29C57162DA88E001A573C /* EventKitUI.framework */,
				F5BAEC8C1518868200F6A1B1 /* Foundation.framework */,
				F5BC3D87162EB8E900E4A902 /* libz.dylib */,
				F5EBF13C159E13E600EB5D26 /* MobileCoreServices.framework */,
				F5EBF142159E13FD00EB5D26 /* QuartzCore.framework */,
				F5EBF120159E134400EB5D26 /* RestKit.xcodeproj */,
				F5EBF13A159E13DF00EB5D26 /* Security.framework */,
				F5BAECAE1518868200F6A1B1 /* SenTestingKit.framework */,
				F5EBF13E159E13ED00EB5D26 /* SystemConfiguration.framework */,
				F5BC3D8C162EB92600E4A902 /* TestFlight */,
				F5BAEC8A1518868200F6A1B1 /* UIKit.framework */,
			);
			name = Frameworks;
			sourceTree = "<group>";
		};
		F5BAEC901518868200F6A1B1 /* Hydra */ = {
			isa = PBXGroup;
			children = (
				F5BAEC991518868200F6A1B1 /* AppDelegate.h */,
				F5BAEC9A1518868200F6A1B1 /* AppDelegate.m */,
				3B93FBA01630942500C962DC /* Urgent */,
				F57CB9DB15B84C4E00D87CB3 /* Categories */,
				3B059BF215B99B4800B4C1DA /* Custom views */,
				F5EBF11F159E09C700EB5D26 /* Models */,
				F5EBF119159E04B500EB5D26 /* ViewControllers */,
			);
			path = Hydra;
			sourceTree = "<group>";
		};
		F5BAEC911518868200F6A1B1 /* Resources */ = {
			isa = PBXGroup;
			children = (
				F5F43C1315BAC8A7003C2AAE /* Associations.plist */,
				F5BC3D8D162EBB5100E4A902 /* Default-568h@2x.png */,
				F5D36BB315B5BD2A00B6E017 /* Default.png */,
				F5D36BB415B5BD2A00B6E017 /* Default@2x.png */,
				F5BAEC921518868200F6A1B1 /* Hydra-Info.plist */,
				F5D36BD815B5CD1500B6E017 /* Hydra-Prefix.pch */,
				F5D36BB515B5BD2A00B6E017 /* Icon.png */,
				F5D36BB615B5BD2A00B6E017 /* Icon@2x.png */,
				F53D2488159DB4DB00F408AB /* Images */,
				F59D170615BD7CE500B6F892 /* Info */,
				F5BAEC961518868200F6A1B1 /* main.m */,
			);
			name = Resources;
			sourceTree = "<group>";
		};
		F5BAECB41518868200F6A1B1 /* HydraTests */ = {
			isa = PBXGroup;
			children = (
				F5BAECBA1518868200F6A1B1 /* HydraTests.h */,
				F5BAECBB1518868200F6A1B1 /* HydraTests.m */,
				F5BAECB51518868200F6A1B1 /* Supporting Files */,
			);
			path = HydraTests;
			sourceTree = "<group>";
		};
		F5BAECB51518868200F6A1B1 /* Supporting Files */ = {
			isa = PBXGroup;
			children = (
				F5BAECB61518868200F6A1B1 /* HydraTests-Info.plist */,
			);
			name = "Supporting Files";
			sourceTree = "<group>";
		};
		F5BC3D8C162EB92600E4A902 /* TestFlight */ = {
			isa = PBXGroup;
			children = (
				F5BC3D89162EB91F00E4A902 /* libTestFlight.a */,
				F5BC3D8A162EB91F00E4A902 /* TestFlight.h */,
			);
			name = TestFlight;
			sourceTree = "<group>";
		};
		F5EBF119159E04B500EB5D26 /* ViewControllers */ = {
			isa = PBXGroup;
			children = (
				F5016BA71627665800BBDB0A /* ActivityDetailViewController.h */,
				F5016BA81627665800BBDB0A /* ActivityDetailViewController.m */,
				F5016BA4162756F300BBDB0A /* ActivityViewController.h */,
				F5016BA5162756F300BBDB0A /* ActivityViewController.m */,
				F5BAECA21518868200F6A1B1 /* DashboardViewController.h */,
				F5BAECA31518868200F6A1B1 /* DashboardViewController.m */,
				F5EBF10F159DFD3B00EB5D26 /* DashboardViewController.xib */,
				3B436DF615B8915200984D3F /* InfoViewController.h */,
				3B436DF715B8915200984D3F /* InfoViewController.m */,
				395C117B1627437000B99F9B /* NewsItemViewController.h */,
				395C117C1627437000B99F9B /* NewsItemViewController.m */,
				395C117816272D8000B99F9B /* NewsViewController.h */,
				395C117916272D8000B99F9B /* NewsViewController.m */,
				3B7AD3B615BC82EB0026BB62 /* Resto */,
				F5EBF11A159E092300EB5D26 /* SchamperViewController.h */,
				F5EBF11B159E092300EB5D26 /* SchamperViewController.m */,
				F50EE09415B5F587000F1992 /* WebViewController.h */,
				90BAB264162749BC0043BA92 /* SchamperDetailViewController.h */,
				90BAB265162749BC0043BA92 /* SchamperDetailViewController.m */,
				F50EE09515B5F587000F1992 /* WebViewController.m */,
			);
			name = ViewControllers;
			sourceTree = "<group>";
		};
		F5EBF11F159E09C700EB5D26 /* Models */ = {
			isa = PBXGroup;
			children = (
				F5F43C4515BAD42E003C2AAE /* Association.h */,
				F5F43C4615BAD42E003C2AAE /* Association.m */,
				F5F43C3F15BAD2CC003C2AAE /* AssociationActivity.h */,
				F5F43C4015BAD2CC003C2AAE /* AssociationActivity.m */,
				F5F43C3C15BAD246003C2AAE /* AssociationNewsItem.h */,
				F5F43C3D15BAD246003C2AAE /* AssociationNewsItem.m */,
				F5F43C4215BAD2EB003C2AAE /* AssociationStore.h */,
				F5F43C4315BAD2EB003C2AAE /* AssociationStore.m */,
				F55895C215B60F450001B399 /* RestoMenu.h */,
				F55895C315B60F450001B399 /* RestoMenu.m */,
				F55895C515B6100C0001B399 /* RestoStore.h */,
				F55895C615B610130001B399 /* RestoStore.m */,
				F5EBF14A159E1E3600EB5D26 /* SchamperArticle.h */,
				F5EBF14B159E1E3600EB5D26 /* SchamperArticle.m */,
				F5D36BBF15B5BDA500B6E017 /* SchamperStore.h */,
				F5D36BC015B5BDA500B6E017 /* SchamperStore.m */,
			);
			name = Models;
			sourceTree = "<group>";
		};
		F5EBF121159E134400EB5D26 /* Products */ = {
			isa = PBXGroup;
			children = (
				F5EBF12C159E134500EB5D26 /* libRestKit.a */,
				F5EBF12E159E134500EB5D26 /* RestKitTests.octest */,
				F5EBF130159E134500EB5D26 /* RestKit.framework */,
				F5EBF132159E134500EB5D26 /* RestKitFrameworkTests.octest */,
				F5EBF134159E134500EB5D26 /* RestKitResources.bundle */,
			);
			name = Products;
			sourceTree = "<group>";
		};
/* End PBXGroup section */

/* Begin PBXNativeTarget section */
		F5BAEC851518868200F6A1B1 /* Hydra */ = {
			isa = PBXNativeTarget;
			buildConfigurationList = F5BAECBF1518868200F6A1B1 /* Build configuration list for PBXNativeTarget "Hydra" */;
			buildPhases = (
				F5BAEC821518868200F6A1B1 /* Sources */,
				F5BAEC831518868200F6A1B1 /* Frameworks */,
				F5BAEC841518868200F6A1B1 /* Resources */,
			);
			buildRules = (
			);
			dependencies = (
				F5EBF146159E142900EB5D26 /* PBXTargetDependency */,
			);
			name = Hydra;
			productName = Hydra;
			productReference = F5BAEC861518868200F6A1B1 /* Hydra.app */;
			productType = "com.apple.product-type.application";
		};
		F5BAECAC1518868200F6A1B1 /* HydraTests */ = {
			isa = PBXNativeTarget;
			buildConfigurationList = F5BAECC21518868200F6A1B1 /* Build configuration list for PBXNativeTarget "HydraTests" */;
			buildPhases = (
				F5BAECA81518868200F6A1B1 /* Sources */,
				F5BAECA91518868200F6A1B1 /* Frameworks */,
				F5BAECAA1518868200F6A1B1 /* Resources */,
				F5BAECAB1518868200F6A1B1 /* ShellScript */,
			);
			buildRules = (
			);
			dependencies = (
				F5BAECB31518868200F6A1B1 /* PBXTargetDependency */,
			);
			name = HydraTests;
			productName = HydraTests;
			productReference = F5BAECAD1518868200F6A1B1 /* HydraTests.octest */;
			productType = "com.apple.product-type.bundle";
		};
/* End PBXNativeTarget section */

/* Begin PBXProject section */
		F5BAEC7D1518868100F6A1B1 /* Project object */ = {
			isa = PBXProject;
			attributes = {
				LastUpgradeCheck = 0430;
				ORGANIZATIONNAME = "Zeus WPI";
			};
			buildConfigurationList = F5BAEC801518868100F6A1B1 /* Build configuration list for PBXProject "Hydra" */;
			compatibilityVersion = "Xcode 3.2";
			developmentRegion = English;
			hasScannedForEncodings = 0;
			knownRegions = (
				en,
				nl,
			);
			mainGroup = F5BAEC7B1518868100F6A1B1;
			productRefGroup = F5BAEC871518868200F6A1B1 /* Products */;
			projectDirPath = "";
			projectReferences = (
				{
					ProductGroup = F5EBF121159E134400EB5D26 /* Products */;
					ProjectRef = F5EBF120159E134400EB5D26 /* RestKit.xcodeproj */;
				},
			);
			projectRoot = "";
			targets = (
				F5BAEC851518868200F6A1B1 /* Hydra */,
				F5BAECAC1518868200F6A1B1 /* HydraTests */,
			);
		};
/* End PBXProject section */

/* Begin PBXReferenceProxy section */
		F5EBF12C159E134500EB5D26 /* libRestKit.a */ = {
			isa = PBXReferenceProxy;
			fileType = archive.ar;
			path = libRestKit.a;
			remoteRef = F5EBF12B159E134500EB5D26 /* PBXContainerItemProxy */;
			sourceTree = BUILT_PRODUCTS_DIR;
		};
		F5EBF12E159E134500EB5D26 /* RestKitTests.octest */ = {
			isa = PBXReferenceProxy;
			fileType = wrapper.cfbundle;
			path = RestKitTests.octest;
			remoteRef = F5EBF12D159E134500EB5D26 /* PBXContainerItemProxy */;
			sourceTree = BUILT_PRODUCTS_DIR;
		};
		F5EBF130159E134500EB5D26 /* RestKit.framework */ = {
			isa = PBXReferenceProxy;
			fileType = wrapper.framework;
			path = RestKit.framework;
			remoteRef = F5EBF12F159E134500EB5D26 /* PBXContainerItemProxy */;
			sourceTree = BUILT_PRODUCTS_DIR;
		};
		F5EBF132159E134500EB5D26 /* RestKitFrameworkTests.octest */ = {
			isa = PBXReferenceProxy;
			fileType = wrapper.cfbundle;
			path = RestKitFrameworkTests.octest;
			remoteRef = F5EBF131159E134500EB5D26 /* PBXContainerItemProxy */;
			sourceTree = BUILT_PRODUCTS_DIR;
		};
		F5EBF134159E134500EB5D26 /* RestKitResources.bundle */ = {
			isa = PBXReferenceProxy;
			fileType = wrapper.cfbundle;
			path = RestKitResources.bundle;
			remoteRef = F5EBF133159E134500EB5D26 /* PBXContainerItemProxy */;
			sourceTree = BUILT_PRODUCTS_DIR;
		};
/* End PBXReferenceProxy section */

/* Begin PBXResourcesBuildPhase section */
		F5BAEC841518868200F6A1B1 /* Resources */ = {
			isa = PBXResourcesBuildPhase;
			buildActionMask = 2147483647;
			files = (
				F59D170B15BD7E7E00B6F892 /* DashboardViewController.xib in Resources */,
				F59D170C15BD7E7E00B6F892 /* RestoViewController.xib in Resources */,
				F53D248A159DB50800F408AB /* header-bg.png in Resources */,
				F53D248C159DB51A00F408AB /* hydra.png in Resources */,
				F58408B7159DDA0E00EE7010 /* button-activities-active.png in Resources */,
				F58408B8159DDA0E00EE7010 /* button-activities.png in Resources */,
				F58408B9159DDA0E00EE7010 /* button-gsr-active.png in Resources */,
				F58408BA159DDA0E00EE7010 /* button-gsr.png in Resources */,
				F58408BB159DDA0E00EE7010 /* button-info-active.png in Resources */,
				F58408BC159DDA0E00EE7010 /* button-info.png in Resources */,
				F58408BD159DDA0E00EE7010 /* button-news-active.png in Resources */,
				F58408BE159DDA0E00EE7010 /* button-news.png in Resources */,
				F58408BF159DDA0E00EE7010 /* button-resto-active.png in Resources */,
				F58408C0159DDA0E00EE7010 /* button-resto.png in Resources */,
				F58408C1159DDA0E00EE7010 /* button-schamper-active.png in Resources */,
				F58408C2159DDA0E00EE7010 /* button-schamper.png in Resources */,
				F5D36BB715B5BD2A00B6E017 /* Default.png in Resources */,
				F5D36BB815B5BD2A00B6E017 /* Default@2x.png in Resources */,
				F5D36BB915B5BD2A00B6E017 /* Icon.png in Resources */,
				F5D36BBA15B5BD2A00B6E017 /* Icon@2x.png in Resources */,
				F54B160215B7FFE6000A4407 /* resto-logo.png in Resources */,
				F54B160315B7FFE6000A4407 /* resto-logo@2x.png in Resources */,
				F57E7E0E15B837F100D2A59E /* icon-meal.png in Resources */,
				F57E7E0F15B837F100D2A59E /* icon-soup.png in Resources */,
				F57E7E1015B837F100D2A59E /* icon-vegetables.png in Resources */,
				F5329E0215B9858900C4C5DF /* resto-closed.jpg in Resources */,
				F5329E0315B9858900C4C5DF /* resto-closed@2x.jpg in Resources */,
				F5F43C1415BAC8A7003C2AAE /* Associations.plist in Resources */,
				F59D16F415BD693F00B6F892 /* info-academiccalendar.png in Resources */,
				F59D16F515BD693F00B6F892 /* info-academiccalendar@2x.png in Resources */,
				F59D16F615BD693F00B6F892 /* info-bicycle.png in Resources */,
				F59D16F715BD693F00B6F892 /* info-bicycle@2x.png in Resources */,
				F59D16F815BD693F00B6F892 /* info-durfdoen.png in Resources */,
				F59D16F915BD693F00B6F892 /* info-durfdoen@2x.png in Resources */,
				F59D16FA15BD693F00B6F892 /* info-library.png in Resources */,
				F59D16FB15BD693F00B6F892 /* info-library@2x.png in Resources */,
				F59D16FC15BD693F00B6F892 /* info-more.png in Resources */,
				F59D16FD15BD693F00B6F892 /* info-more@2x.png in Resources */,
				F59D16FE15BD693F00B6F892 /* info-sports.png in Resources */,
				F59D16FF15BD693F00B6F892 /* info-sports@2x.png in Resources */,
				F59D170015BD693F00B6F892 /* info-studentdoctors.png in Resources */,
				F59D170115BD693F00B6F892 /* info-studentdoctors@2x.png in Resources */,
				F59D170215BD693F00B6F892 /* info-urgent.png in Resources */,
				F59D170315BD693F00B6F892 /* info-urgent@2x.png in Resources */,
				F59D170915BD7CE500B6F892 /* info-content.plist in Resources */,
				F59D170A15BD7CE500B6F892 /* info-sport-openingsuren.html in Resources */,
				F59D170E15BD811000B6F892 /* info-sport-aanbod.html in Resources */,
				F59D171015BD813E00B6F892 /* webview.css in Resources */,
				F5CFAA3D15BD9B87008E75B0 /* info-fietsen.html in Resources */,
				F50527CE15BDC1E600A697F8 /* info-kalender.html in Resources */,
				F50527D015BDC5F600A697F8 /* info-studentenartsen.html in Resources */,
				F5A81CBE15CF1BA700FE033B /* external-link.png in Resources */,
				F5A81CC215CF1CC500FE033B /* external-link-active.png in Resources */,
				F5A81CC315CF1CC500FE033B /* external-link-active@2x.png in Resources */,
				F5A81CC415CF1CC500FE033B /* external-link@2x.png in Resources */,
				F5E7F06C15EF9408004024AA /* header-bg@2x.png in Resources */,
				F5E7F06E15EF95A6004024AA /* hydra@2x.png in Resources */,
				F5E7F07215EFAA51004024AA /* button-activities-active@2x.png in Resources */,
				F5E7F07315EFAA51004024AA /* button-activities@2x.png in Resources */,
				F5D2B6B215EFE0DE003EA54C /* button-gsr-active@2x.png in Resources */,
				F5D2B6B315EFE0DE003EA54C /* button-gsr@2x.png in Resources */,
				F5D2B6B515EFE2DE003EA54C /* button-news@2x.png in Resources */,
				F5D2B6B715EFEAAF003EA54C /* button-news-active@2x.png in Resources */,
				F5FC116F15F0211300B3F127 /* button-info-active@2x.png in Resources */,
				F5FC117015F0211300B3F127 /* button-info@2x.png in Resources */,
				F5FC117115F0211300B3F127 /* button-resto-active@2x.png in Resources */,
				F5FC117215F0211300B3F127 /* button-resto@2x.png in Resources */,
				F5FC117315F0211300B3F127 /* button-schamper-active@2x.png in Resources */,
				F5FC117415F0211300B3F127 /* button-schamper@2x.png in Resources */,
				F5BC3D8E162EBB5100E4A902 /* Default-568h@2x.png in Resources */,
				F5D3B612162EF02F00698C3E /* button-feedback.png in Resources */,
				F5D3B613162EF02F00698C3E /* button-feedback@2x.png in Resources */,
			);
			runOnlyForDeploymentPostprocessing = 0;
		};
		F5BAECAA1518868200F6A1B1 /* Resources */ = {
			isa = PBXResourcesBuildPhase;
			buildActionMask = 2147483647;
			files = (
			);
			runOnlyForDeploymentPostprocessing = 0;
		};
/* End PBXResourcesBuildPhase section */

/* Begin PBXShellScriptBuildPhase section */
		F5BAECAB1518868200F6A1B1 /* ShellScript */ = {
			isa = PBXShellScriptBuildPhase;
			buildActionMask = 2147483647;
			files = (
			);
			inputPaths = (
			);
			outputPaths = (
			);
			runOnlyForDeploymentPostprocessing = 0;
			shellPath = /bin/sh;
			shellScript = "# Run the unit tests in this test bundle.\n\"${SYSTEM_DEVELOPER_DIR}/Tools/RunUnitTests\"\n";
		};
/* End PBXShellScriptBuildPhase section */

/* Begin PBXSourcesBuildPhase section */
		F5BAEC821518868200F6A1B1 /* Sources */ = {
			isa = PBXSourcesBuildPhase;
			buildActionMask = 2147483647;
			files = (
				3B0D77EC15BB0945002B23C1 /* BadgedButton.m in Sources */,
				F5BAEC971518868200F6A1B1 /* main.m in Sources */,
				F5BAEC9B1518868200F6A1B1 /* AppDelegate.m in Sources */,
				F5BAECA41518868200F6A1B1 /* DashboardViewController.m in Sources */,
				F5EBF117159E040700EB5D26 /* RestoViewController.m in Sources */,
				F5EBF11D159E092300EB5D26 /* SchamperViewController.m in Sources */,
				F5EBF14C159E1E3600EB5D26 /* SchamperArticle.m in Sources */,
				F5D36BC115B5BDA500B6E017 /* SchamperStore.m in Sources */,
				F50EE09715B5F587000F1992 /* WebViewController.m in Sources */,
				F55895C415B60F450001B399 /* RestoMenu.m in Sources */,
				F55895C715B610140001B399 /* RestoStore.m in Sources */,
				F54B160715B8118C000A4407 /* UIColor+AppColors.m in Sources */,
				F57CB9DA15B84C4B00D87CB3 /* NSDate+Utilities.m in Sources */,
				3B436DF815B8915300984D3F /* InfoViewController.m in Sources */,
				F5F43C3E15BAD246003C2AAE /* AssociationNewsItem.m in Sources */,
				F5F43C4115BAD2CC003C2AAE /* AssociationActivity.m in Sources */,
				F5F43C4415BAD2EB003C2AAE /* AssociationStore.m in Sources */,
				F5F43C4715BAD42E003C2AAE /* Association.m in Sources */,
				F5F43C4A15BAEBE5003C2AAE /* NSString+Utilities.m in Sources */,
				3B7AD3B915BC830F0026BB62 /* RestoMenuView.m in Sources */,
				395C117A16272D8000B99F9B /* NewsViewController.m in Sources */,
				395C117D1627437000B99F9B /* NewsItemViewController.m in Sources */,
				90BAB266162749BD0043BA92 /* SchamperDetailViewController.m in Sources */,
				F5016BA6162756F300BBDB0A /* ActivityViewController.m in Sources */,
				F5016BA91627665800BBDB0A /* ActivityDetailViewController.m in Sources */,
				3B93FBA4163094A800C962DC /* AudioStreamer.m in Sources */,
				3B93FBAA1630969900C962DC /* UrgentPlayer.m in Sources */,
			);
			runOnlyForDeploymentPostprocessing = 0;
		};
		F5BAECA81518868200F6A1B1 /* Sources */ = {
			isa = PBXSourcesBuildPhase;
			buildActionMask = 2147483647;
			files = (
				F5BAECBC1518868200F6A1B1 /* HydraTests.m in Sources */,
			);
			runOnlyForDeploymentPostprocessing = 0;
		};
/* End PBXSourcesBuildPhase section */

/* Begin PBXTargetDependency section */
		F5BAECB31518868200F6A1B1 /* PBXTargetDependency */ = {
			isa = PBXTargetDependency;
			target = F5BAEC851518868200F6A1B1 /* Hydra */;
			targetProxy = F5BAECB21518868200F6A1B1 /* PBXContainerItemProxy */;
		};
		F5EBF146159E142900EB5D26 /* PBXTargetDependency */ = {
			isa = PBXTargetDependency;
			name = RestKit;
			targetProxy = F5EBF145159E142900EB5D26 /* PBXContainerItemProxy */;
		};
/* End PBXTargetDependency section */

/* Begin PBXVariantGroup section */
		F5D36BD215B5CB9C00B6E017 /* RestoViewController.xib */ = {
			isa = PBXVariantGroup;
			children = (
				F5D36BD715B5CC0300B6E017 /* nl */,
			);
			name = RestoViewController.xib;
			sourceTree = "<group>";
		};
		F5EBF10F159DFD3B00EB5D26 /* DashboardViewController.xib */ = {
			isa = PBXVariantGroup;
			children = (
				F5EBF112159DFDEC00EB5D26 /* nl */,
			);
			name = DashboardViewController.xib;
			sourceTree = "<group>";
		};
/* End PBXVariantGroup section */

/* Begin XCBuildConfiguration section */
		F5BAECBD1518868200F6A1B1 /* Debug */ = {
			isa = XCBuildConfiguration;
			buildSettings = {
				APPLY_RULES_IN_COPY_FILES = YES;
				CLANG_ENABLE_OBJC_ARC = YES;
				CLANG_WARN_OBJC_IMPLICIT_ATOMIC_PROPERTIES = YES;
				CODE_SIGN_IDENTITY = "iPhone Developer";
				COPY_PHASE_STRIP = NO;
				GCC_OPTIMIZATION_LEVEL = 0;
				GCC_PREPROCESSOR_DEFINITIONS = (
					"DEBUG=1",
					"$(inherited)",
				);
				GCC_SYMBOLS_PRIVATE_EXTERN = NO;
				GCC_THUMB_SUPPORT = NO;
				GCC_WARN_ABOUT_RETURN_TYPE = YES;
				GCC_WARN_SHADOW = YES;
				GCC_WARN_UNINITIALIZED_AUTOS = YES;
				GCC_WARN_UNUSED_VARIABLE = YES;
				HEADER_SEARCH_PATHS = "\"$(BUILT_PRODUCTS_DIR)/../../Headers\"";
				IPHONEOS_DEPLOYMENT_TARGET = 4.0;
				OTHER_LDFLAGS = (
					"-ObjC",
					"-all_load",
				);
				PROVISIONING_PROFILE = "";
				SDKROOT = iphoneos;
				TARGETED_DEVICE_FAMILY = 1;
				VERSIONING_SYSTEM = "apple-generic";
			};
			name = Debug;
		};
		F5BAECBE1518868200F6A1B1 /* Release */ = {
			isa = XCBuildConfiguration;
			buildSettings = {
				APPLY_RULES_IN_COPY_FILES = YES;
				CLANG_ENABLE_OBJC_ARC = YES;
				CLANG_WARN_OBJC_IMPLICIT_ATOMIC_PROPERTIES = YES;
				CODE_SIGN_IDENTITY = "iPhone Developer";
				COPY_PHASE_STRIP = YES;
				GCC_THUMB_SUPPORT = NO;
				GCC_WARN_ABOUT_RETURN_TYPE = YES;
				GCC_WARN_SHADOW = YES;
				GCC_WARN_UNINITIALIZED_AUTOS = YES;
				GCC_WARN_UNUSED_VARIABLE = YES;
				HEADER_SEARCH_PATHS = "\"$(BUILT_PRODUCTS_DIR)/../../Headers\"";
				IPHONEOS_DEPLOYMENT_TARGET = 4.0;
				OTHER_CFLAGS = "-DNS_BLOCK_ASSERTIONS=1";
				OTHER_LDFLAGS = (
					"-ObjC",
					"-all_load",
				);
				PROVISIONING_PROFILE = "";
				SDKROOT = iphoneos;
				TARGETED_DEVICE_FAMILY = 1;
				VALIDATE_PRODUCT = YES;
				VERSIONING_SYSTEM = "apple-generic";
			};
			name = Release;
		};
		F5BAECC01518868200F6A1B1 /* Debug */ = {
			isa = XCBuildConfiguration;
			buildSettings = {
				ARCHS = armv7;
				GCC_PRECOMPILE_PREFIX_HEADER = YES;
				GCC_PREFIX_HEADER = "Hydra/Hydra-Prefix.pch";
				GCC_THUMB_SUPPORT = NO;
				INFOPLIST_FILE = "Hydra-Info.plist";
				IPHONEOS_DEPLOYMENT_TARGET = 4.0;
				LIBRARY_SEARCH_PATHS = (
					"$(inherited)",
					"\"$(SRCROOT)/TestFlight\"",
				);
				PRODUCT_NAME = "$(TARGET_NAME)";
				WRAPPER_EXTENSION = app;
			};
			name = Debug;
		};
		F5BAECC11518868200F6A1B1 /* Release */ = {
			isa = XCBuildConfiguration;
			buildSettings = {
				ARCHS = armv7;
				GCC_PRECOMPILE_PREFIX_HEADER = YES;
				GCC_PREFIX_HEADER = "Hydra/Hydra-Prefix.pch";
				GCC_THUMB_SUPPORT = NO;
				INFOPLIST_FILE = "Hydra-Info.plist";
				IPHONEOS_DEPLOYMENT_TARGET = 4.0;
				LIBRARY_SEARCH_PATHS = (
					"$(inherited)",
					"\"$(SRCROOT)/TestFlight\"",
				);
				PRODUCT_NAME = "$(TARGET_NAME)";
				WRAPPER_EXTENSION = app;
			};
			name = Release;
		};
		F5BAECC31518868200F6A1B1 /* Debug */ = {
			isa = XCBuildConfiguration;
			buildSettings = {
				BUNDLE_LOADER = "$(BUILT_PRODUCTS_DIR)/Hydra.app/Hydra";
				FRAMEWORK_SEARCH_PATHS = (
					"$(SDKROOT)/Developer/Library/Frameworks",
					"$(DEVELOPER_LIBRARY_DIR)/Frameworks",
				);
				GCC_PRECOMPILE_PREFIX_HEADER = YES;
				GCC_PREFIX_HEADER = "Hydra/Hydra-Prefix.pch";
				GCC_THUMB_SUPPORT = NO;
				INFOPLIST_FILE = "HydraTests/HydraTests-Info.plist";
				PRODUCT_NAME = "$(TARGET_NAME)";
				TEST_HOST = "$(BUNDLE_LOADER)";
				WRAPPER_EXTENSION = octest;
			};
			name = Debug;
		};
		F5BAECC41518868200F6A1B1 /* Release */ = {
			isa = XCBuildConfiguration;
			buildSettings = {
				BUNDLE_LOADER = "$(BUILT_PRODUCTS_DIR)/Hydra.app/Hydra";
				FRAMEWORK_SEARCH_PATHS = (
					"$(SDKROOT)/Developer/Library/Frameworks",
					"$(DEVELOPER_LIBRARY_DIR)/Frameworks",
				);
				GCC_PRECOMPILE_PREFIX_HEADER = YES;
				GCC_PREFIX_HEADER = "Hydra/Hydra-Prefix.pch";
				GCC_THUMB_SUPPORT = NO;
				INFOPLIST_FILE = "HydraTests/HydraTests-Info.plist";
				PRODUCT_NAME = "$(TARGET_NAME)";
				TEST_HOST = "$(BUNDLE_LOADER)";
				WRAPPER_EXTENSION = octest;
			};
			name = Release;
		};
/* End XCBuildConfiguration section */

/* Begin XCConfigurationList section */
		F5BAEC801518868100F6A1B1 /* Build configuration list for PBXProject "Hydra" */ = {
			isa = XCConfigurationList;
			buildConfigurations = (
				F5BAECBD1518868200F6A1B1 /* Debug */,
				F5BAECBE1518868200F6A1B1 /* Release */,
			);
			defaultConfigurationIsVisible = 0;
			defaultConfigurationName = Release;
		};
		F5BAECBF1518868200F6A1B1 /* Build configuration list for PBXNativeTarget "Hydra" */ = {
			isa = XCConfigurationList;
			buildConfigurations = (
				F5BAECC01518868200F6A1B1 /* Debug */,
				F5BAECC11518868200F6A1B1 /* Release */,
			);
			defaultConfigurationIsVisible = 0;
			defaultConfigurationName = Release;
		};
		F5BAECC21518868200F6A1B1 /* Build configuration list for PBXNativeTarget "HydraTests" */ = {
			isa = XCConfigurationList;
			buildConfigurations = (
				F5BAECC31518868200F6A1B1 /* Debug */,
				F5BAECC41518868200F6A1B1 /* Release */,
			);
			defaultConfigurationIsVisible = 0;
			defaultConfigurationName = Release;
		};
/* End XCConfigurationList section */
	};
	rootObject = F5BAEC7D1518868100F6A1B1 /* Project object */;
}
